// !$*UTF8*$!
{
	archiveVersion = 1;
	classes = {
	};
	objectVersion = 46;
	objects = {

/* Begin PBXBuildFile section */
		3A84833816D5DBB200927A33 /* Foundation.framework in Frameworks */ = {isa = PBXBuildFile; fileRef = BE4181DB14B38C93000251A7 /* Foundation.framework */; };
		3A84833F16D5DBB200927A33 /* DCAKit.m in Sources */ = {isa = PBXBuildFile; fileRef = 3A84833E16D5DBB200927A33 /* DCAKit.m */; };
		3A84834616D5DBB200927A33 /* SenTestingKit.framework in Frameworks */ = {isa = PBXBuildFile; fileRef = BE4181D714B38C93000251A7 /* SenTestingKit.framework */; };
		3A84834716D5DBB200927A33 /* UIKit.framework in Frameworks */ = {isa = PBXBuildFile; fileRef = BE4181D914B38C93000251A7 /* UIKit.framework */; };
		3A84834816D5DBB200927A33 /* Foundation.framework in Frameworks */ = {isa = PBXBuildFile; fileRef = BE4181DB14B38C93000251A7 /* Foundation.framework */; };
		3A84834B16D5DBB200927A33 /* libDCAKit.a in Frameworks */ = {isa = PBXBuildFile; fileRef = 3A84833716D5DBB200927A33 /* libDCAKit.a */; };
		3A84835116D5DBB200927A33 /* InfoPlist.strings in Resources */ = {isa = PBXBuildFile; fileRef = 3A84834F16D5DBB200927A33 /* InfoPlist.strings */; };
		3A84835416D5DBB200927A33 /* DCAKitTests.m in Sources */ = {isa = PBXBuildFile; fileRef = 3A84835316D5DBB200927A33 /* DCAKitTests.m */; };
		3A84835B16D5DBC800927A33 /* DCASimpleKeychain.m in Sources */ = {isa = PBXBuildFile; fileRef = 3A84833016D5DB2200927A33 /* DCASimpleKeychain.m */; };
		3A84835D16D5DBE200927A33 /* DCASimpleKeychain.h in Headers */ = {isa = PBXBuildFile; fileRef = 3A84832F16D5DB2200927A33 /* DCASimpleKeychain.h */; settings = {ATTRIBUTES = (Public, ); }; };
		3A84837116D5DFCF00927A33 /* DCASimpleKeychain.h in Headers */ = {isa = PBXBuildFile; fileRef = 3A84832F16D5DB2200927A33 /* DCASimpleKeychain.h */; settings = {ATTRIBUTES = (Public, ); }; };
		3A84837216D5DFD600927A33 /* DCAKit.h in Headers */ = {isa = PBXBuildFile; fileRef = 3A84833C16D5DBB200927A33 /* DCAKit.h */; settings = {ATTRIBUTES = (Public, ); }; };
		3A84837616D5E66D00927A33 /* DCAKit.m in Sources */ = {isa = PBXBuildFile; fileRef = 3A84833E16D5DBB200927A33 /* DCAKit.m */; };
/* End PBXBuildFile section */

/* Begin PBXContainerItemProxy section */
		3A84834916D5DBB200927A33 /* PBXContainerItemProxy */ = {
			isa = PBXContainerItemProxy;
			containerPortal = BE4181BB14B38C92000251A7 /* Project object */;
			proxyType = 1;
			remoteGlobalIDString = 3A84833616D5DBB200927A33;
			remoteInfo = DCAKit;
		};
		3A84837316D5DFDC00927A33 /* PBXContainerItemProxy */ = {
			isa = PBXContainerItemProxy;
			containerPortal = BE4181BB14B38C92000251A7 /* Project object */;
			proxyType = 1;
			remoteGlobalIDString = 3A84836316D5DFB000927A33;
			remoteInfo = DCAKitHeaders;
		};
/* End PBXContainerItemProxy section */

/* Begin PBXCopyFilesBuildPhase section */
		3A84833516D5DBB200927A33 /* CopyFiles */ = {
			isa = PBXCopyFilesBuildPhase;
			buildActionMask = 2147483647;
			dstPath = "include/${PRODUCT_NAME}";
			dstSubfolderSpec = 16;
			files = (
			);
			runOnlyForDeploymentPostprocessing = 0;
		};
/* End PBXCopyFilesBuildPhase section */

/* Begin PBXFileReference section */
		3A84832F16D5DB2200927A33 /* DCASimpleKeychain.h */ = {isa = PBXFileReference; fileEncoding = 4; lastKnownFileType = sourcecode.c.h; path = DCASimpleKeychain.h; sourceTree = "<group>"; };
		3A84833016D5DB2200927A33 /* DCASimpleKeychain.m */ = {isa = PBXFileReference; fileEncoding = 4; lastKnownFileType = sourcecode.c.objc; path = DCASimpleKeychain.m; sourceTree = "<group>"; };
		3A84833716D5DBB200927A33 /* libDCAKit.a */ = {isa = PBXFileReference; explicitFileType = archive.ar; includeInIndex = 0; path = libDCAKit.a; sourceTree = BUILT_PRODUCTS_DIR; };
		3A84833B16D5DBB200927A33 /* DCAKit-Prefix.pch */ = {isa = PBXFileReference; lastKnownFileType = sourcecode.c.h; path = "DCAKit-Prefix.pch"; sourceTree = "<group>"; };
		3A84833C16D5DBB200927A33 /* DCAKit.h */ = {isa = PBXFileReference; lastKnownFileType = sourcecode.c.h; path = DCAKit.h; sourceTree = "<group>"; };
		3A84833E16D5DBB200927A33 /* DCAKit.m */ = {isa = PBXFileReference; lastKnownFileType = sourcecode.c.objc; path = DCAKit.m; sourceTree = "<group>"; };
		3A84834516D5DBB200927A33 /* DCAKitTests.octest */ = {isa = PBXFileReference; explicitFileType = wrapper.cfbundle; includeInIndex = 0; path = DCAKitTests.octest; sourceTree = BUILT_PRODUCTS_DIR; };
		3A84834E16D5DBB200927A33 /* DCAKitTests-Info.plist */ = {isa = PBXFileReference; lastKnownFileType = text.plist.xml; path = "DCAKitTests-Info.plist"; sourceTree = "<group>"; };
		3A84835016D5DBB200927A33 /* en */ = {isa = PBXFileReference; lastKnownFileType = text.plist.strings; name = en; path = en.lproj/InfoPlist.strings; sourceTree = "<group>"; };
		3A84835216D5DBB200927A33 /* DCAKitTests.h */ = {isa = PBXFileReference; lastKnownFileType = sourcecode.c.h; path = DCAKitTests.h; sourceTree = "<group>"; };
		3A84835316D5DBB200927A33 /* DCAKitTests.m */ = {isa = PBXFileReference; lastKnownFileType = sourcecode.c.objc; path = DCAKitTests.m; sourceTree = "<group>"; };
		3A84836416D5DFB000927A33 /* libDCAKitHeaders.a */ = {isa = PBXFileReference; explicitFileType = archive.ar; includeInIndex = 0; path = libDCAKitHeaders.a; sourceTree = BUILT_PRODUCTS_DIR; };
		3A84836816D5DFB100927A33 /* DCAKitHeaders-Prefix.pch */ = {isa = PBXFileReference; lastKnownFileType = sourcecode.c.h; path = "DCAKitHeaders-Prefix.pch"; sourceTree = "<group>"; };
		3A84836916D5DFB100927A33 /* DCAKitHeaders.h */ = {isa = PBXFileReference; lastKnownFileType = sourcecode.c.h; path = DCAKitHeaders.h; sourceTree = "<group>"; };
		3A84836B16D5DFB100927A33 /* DCAKitHeaders.m */ = {isa = PBXFileReference; lastKnownFileType = sourcecode.c.objc; path = DCAKitHeaders.m; sourceTree = "<group>"; };
		BE4181CB14B38C93000251A7 /* DCAKit-Info.plist */ = {isa = PBXFileReference; lastKnownFileType = text.plist.xml; path = "DCAKit-Info.plist"; sourceTree = "<group>"; };
		BE4181CD14B38C93000251A7 /* en */ = {isa = PBXFileReference; lastKnownFileType = text.plist.strings; name = en; path = en.lproj/InfoPlist.strings; sourceTree = "<group>"; };
		BE4181CF14B38C93000251A7 /* DCAKit-Prefix.pch */ = {isa = PBXFileReference; lastKnownFileType = sourcecode.c.h; path = "DCAKit-Prefix.pch"; sourceTree = "<group>"; };
		BE4181D714B38C93000251A7 /* SenTestingKit.framework */ = {isa = PBXFileReference; lastKnownFileType = wrapper.framework; name = SenTestingKit.framework; path = Library/Frameworks/SenTestingKit.framework; sourceTree = DEVELOPER_DIR; };
		BE4181D914B38C93000251A7 /* UIKit.framework */ = {isa = PBXFileReference; lastKnownFileType = wrapper.framework; name = UIKit.framework; path = Library/Frameworks/UIKit.framework; sourceTree = DEVELOPER_DIR; };
		BE4181DB14B38C93000251A7 /* Foundation.framework */ = {isa = PBXFileReference; lastKnownFileType = wrapper.framework; name = Foundation.framework; path = Library/Frameworks/Foundation.framework; sourceTree = DEVELOPER_DIR; };
		BE4181E214B38C93000251A7 /* DCAKitTests-Info.plist */ = {isa = PBXFileReference; lastKnownFileType = text.plist.xml; path = "DCAKitTests-Info.plist"; sourceTree = "<group>"; };
		BE4181E414B38C93000251A7 /* en */ = {isa = PBXFileReference; lastKnownFileType = text.plist.strings; name = en; path = en.lproj/InfoPlist.strings; sourceTree = "<group>"; };
		BE4181E614B38C93000251A7 /* DCAKitTests.h */ = {isa = PBXFileReference; lastKnownFileType = sourcecode.c.h; path = DCAKitTests.h; sourceTree = "<group>"; };
		BE4181E714B38C93000251A7 /* DCAKitTests.m */ = {isa = PBXFileReference; lastKnownFileType = sourcecode.c.objc; path = DCAKitTests.m; sourceTree = "<group>"; };
		BE754E4814B3907F007F23B9 /* NSRegularExpression+helpers.h */ = {isa = PBXFileReference; fileEncoding = 4; lastKnownFileType = sourcecode.c.h; path = "NSRegularExpression+helpers.h"; sourceTree = SOURCE_ROOT; };
		BE754E4914B3907F007F23B9 /* NSRegularExpression+helpers.m */ = {isa = PBXFileReference; fileEncoding = 4; lastKnownFileType = sourcecode.c.objc; path = "NSRegularExpression+helpers.m"; sourceTree = SOURCE_ROOT; };
		BE754E4A14B3907F007F23B9 /* NSTextCheckingResult+helpers.h */ = {isa = PBXFileReference; fileEncoding = 4; lastKnownFileType = sourcecode.c.h; path = "NSTextCheckingResult+helpers.h"; sourceTree = SOURCE_ROOT; };
		BE754E4B14B3907F007F23B9 /* NSTextCheckingResult+helpers.m */ = {isa = PBXFileReference; fileEncoding = 4; lastKnownFileType = sourcecode.c.objc; path = "NSTextCheckingResult+helpers.m"; sourceTree = SOURCE_ROOT; };
/* End PBXFileReference section */

/* Begin PBXFrameworksBuildPhase section */
		3A84833416D5DBB200927A33 /* Frameworks */ = {
			isa = PBXFrameworksBuildPhase;
			buildActionMask = 2147483647;
			files = (
				3A84833816D5DBB200927A33 /* Foundation.framework in Frameworks */,
			);
			runOnlyForDeploymentPostprocessing = 0;
		};
		3A84834116D5DBB200927A33 /* Frameworks */ = {
			isa = PBXFrameworksBuildPhase;
			buildActionMask = 2147483647;
			files = (
				3A84834616D5DBB200927A33 /* SenTestingKit.framework in Frameworks */,
				3A84834716D5DBB200927A33 /* UIKit.framework in Frameworks */,
				3A84834816D5DBB200927A33 /* Foundation.framework in Frameworks */,
				3A84834B16D5DBB200927A33 /* libDCAKit.a in Frameworks */,
			);
			runOnlyForDeploymentPostprocessing = 0;
		};
/* End PBXFrameworksBuildPhase section */

/* Begin PBXGroup section */
		3A84833916D5DBB200927A33 /* DCAKit */ = {
			isa = PBXGroup;
			children = (
				3A84833C16D5DBB200927A33 /* DCAKit.h */,
				3A84833E16D5DBB200927A33 /* DCAKit.m */,
				3A84833A16D5DBB200927A33 /* Supporting Files */,
			);
			path = DCAKit;
			sourceTree = "<group>";
		};
		3A84833A16D5DBB200927A33 /* Supporting Files */ = {
			isa = PBXGroup;
			children = (
				3A84833B16D5DBB200927A33 /* DCAKit-Prefix.pch */,
			);
			name = "Supporting Files";
			sourceTree = "<group>";
		};
		3A84834C16D5DBB200927A33 /* DCAKitTests */ = {
			isa = PBXGroup;
			children = (
				3A84835216D5DBB200927A33 /* DCAKitTests.h */,
				3A84835316D5DBB200927A33 /* DCAKitTests.m */,
				3A84834D16D5DBB200927A33 /* Supporting Files */,
			);
			path = DCAKitTests;
			sourceTree = "<group>";
		};
		3A84834D16D5DBB200927A33 /* Supporting Files */ = {
			isa = PBXGroup;
			children = (
				3A84834E16D5DBB200927A33 /* DCAKitTests-Info.plist */,
				3A84834F16D5DBB200927A33 /* InfoPlist.strings */,
			);
			name = "Supporting Files";
			sourceTree = "<group>";
		};
		3A84836616D5DFB100927A33 /* DCAKitHeaders */ = {
			isa = PBXGroup;
			children = (
				3A84836916D5DFB100927A33 /* DCAKitHeaders.h */,
				3A84836B16D5DFB100927A33 /* DCAKitHeaders.m */,
				3A84836716D5DFB100927A33 /* Supporting Files */,
			);
			path = DCAKitHeaders;
			sourceTree = "<group>";
		};
		3A84836716D5DFB100927A33 /* Supporting Files */ = {
			isa = PBXGroup;
			children = (
				3A84836816D5DFB100927A33 /* DCAKitHeaders-Prefix.pch */,
			);
			name = "Supporting Files";
			sourceTree = "<group>";
		};
		BE4181B914B38C92000251A7 = {
			isa = PBXGroup;
			children = (
				BE4181C914B38C93000251A7 /* DCAKit */,
				BE4181E014B38C93000251A7 /* DCAKitTests */,
				3A84833916D5DBB200927A33 /* DCAKit */,
				3A84834C16D5DBB200927A33 /* DCAKitTests */,
				3A84836616D5DFB100927A33 /* DCAKitHeaders */,
				BE4181D614B38C93000251A7 /* Frameworks */,
				BE4181C814B38C93000251A7 /* Products */,
			);
			sourceTree = "<group>";
		};
		BE4181C814B38C93000251A7 /* Products */ = {
			isa = PBXGroup;
			children = (
				3A84833716D5DBB200927A33 /* libDCAKit.a */,
				3A84834516D5DBB200927A33 /* DCAKitTests.octest */,
				3A84836416D5DFB000927A33 /* libDCAKitHeaders.a */,
			);
			name = Products;
			sourceTree = "<group>";
		};
		BE4181C914B38C93000251A7 /* DCAKit */ = {
			isa = PBXGroup;
			children = (
				3A84832F16D5DB2200927A33 /* DCASimpleKeychain.h */,
				3A84833016D5DB2200927A33 /* DCASimpleKeychain.m */,
				BE754E9D14B390E0007F23B9 /* NSRegularExpression */,
				BE4181CA14B38C93000251A7 /* Supporting Files */,
			);
			path = DCAKit;
			sourceTree = "<group>";
		};
		BE4181CA14B38C93000251A7 /* Supporting Files */ = {
			isa = PBXGroup;
			children = (
				BE4181CB14B38C93000251A7 /* DCAKit-Info.plist */,
				BE4181CC14B38C93000251A7 /* InfoPlist.strings */,
				BE4181CF14B38C93000251A7 /* DCAKit-Prefix.pch */,
			);
			name = "Supporting Files";
			sourceTree = "<group>";
		};
		BE4181D614B38C93000251A7 /* Frameworks */ = {
			isa = PBXGroup;
			children = (
				BE4181D714B38C93000251A7 /* SenTestingKit.framework */,
				BE4181D914B38C93000251A7 /* UIKit.framework */,
				BE4181DB14B38C93000251A7 /* Foundation.framework */,
			);
			name = Frameworks;
			sourceTree = "<group>";
		};
		BE4181E014B38C93000251A7 /* DCAKitTests */ = {
			isa = PBXGroup;
			children = (
				BE4181E614B38C93000251A7 /* DCAKitTests.h */,
				BE4181E714B38C93000251A7 /* DCAKitTests.m */,
				BE4181E114B38C93000251A7 /* Supporting Files */,
			);
			path = DCAKitTests;
			sourceTree = "<group>";
		};
		BE4181E114B38C93000251A7 /* Supporting Files */ = {
			isa = PBXGroup;
			children = (
				BE4181E214B38C93000251A7 /* DCAKitTests-Info.plist */,
				BE4181E314B38C93000251A7 /* InfoPlist.strings */,
			);
			name = "Supporting Files";
			sourceTree = "<group>";
		};
		BE754E9D14B390E0007F23B9 /* NSRegularExpression */ = {
			isa = PBXGroup;
			children = (
				BE754E4814B3907F007F23B9 /* NSRegularExpression+helpers.h */,
				BE754E4914B3907F007F23B9 /* NSRegularExpression+helpers.m */,
				BE754E4A14B3907F007F23B9 /* NSTextCheckingResult+helpers.h */,
				BE754E4B14B3907F007F23B9 /* NSTextCheckingResult+helpers.m */,
			);
			name = NSRegularExpression;
			sourceTree = "<group>";
		};
/* End PBXGroup section */

/* Begin PBXHeadersBuildPhase section */
		3A84835C16D5DBDB00927A33 /* Headers */ = {
			isa = PBXHeadersBuildPhase;
			buildActionMask = 2147483647;
			files = (
				3A84835D16D5DBE200927A33 /* DCASimpleKeychain.h in Headers */,
			);
			runOnlyForDeploymentPostprocessing = 0;
		};
		3A84837016D5DFC200927A33 /* Headers */ = {
			isa = PBXHeadersBuildPhase;
			buildActionMask = 2147483647;
			files = (
				3A84837116D5DFCF00927A33 /* DCASimpleKeychain.h in Headers */,
				3A84837216D5DFD600927A33 /* DCAKit.h in Headers */,
			);
			runOnlyForDeploymentPostprocessing = 0;
		};
/* End PBXHeadersBuildPhase section */

/* Begin PBXNativeTarget section */
		3A84833616D5DBB200927A33 /* DCAKit */ = {
			isa = PBXNativeTarget;
			buildConfigurationList = 3A84835516D5DBB200927A33 /* Build configuration list for PBXNativeTarget "DCAKit" */;
			buildPhases = (
				3A84835C16D5DBDB00927A33 /* Headers */,
				3A84833316D5DBB200927A33 /* Sources */,
				3A84833416D5DBB200927A33 /* Frameworks */,
				3A84833516D5DBB200927A33 /* CopyFiles */,
			);
			buildRules = (
			);
			dependencies = (
				3A84837416D5DFDC00927A33 /* PBXTargetDependency */,
			);
			name = DCAKit;
			productName = DCAKit;
			productReference = 3A84833716D5DBB200927A33 /* libDCAKit.a */;
			productType = "com.apple.product-type.library.static";
		};
		3A84834416D5DBB200927A33 /* DCAKitTests */ = {
			isa = PBXNativeTarget;
			buildConfigurationList = 3A84835816D5DBB200927A33 /* Build configuration list for PBXNativeTarget "DCAKitTests" */;
			buildPhases = (
				3A84834016D5DBB200927A33 /* Sources */,
				3A84834116D5DBB200927A33 /* Frameworks */,
				3A84834216D5DBB200927A33 /* Resources */,
				3A84834316D5DBB200927A33 /* ShellScript */,
			);
			buildRules = (
			);
			dependencies = (
				3A84834A16D5DBB200927A33 /* PBXTargetDependency */,
			);
			name = DCAKitTests;
			productName = DCAKitTests;
			productReference = 3A84834516D5DBB200927A33 /* DCAKitTests.octest */;
			productType = "com.apple.product-type.bundle";
		};
		3A84836316D5DFB000927A33 /* DCAKitHeaders */ = {
			isa = PBXNativeTarget;
			buildConfigurationList = 3A84836F16D5DFB100927A33 /* Build configuration list for PBXNativeTarget "DCAKitHeaders" */;
			buildPhases = (
				3A84837016D5DFC200927A33 /* Headers */,
				3A84837516D5E66700927A33 /* Sources */,
			);
			buildRules = (
			);
			dependencies = (
			);
			name = DCAKitHeaders;
			productName = DCAKitHeaders;
			productReference = 3A84836416D5DFB000927A33 /* libDCAKitHeaders.a */;
			productType = "com.apple.product-type.library.static";
		};
/* End PBXNativeTarget section */

/* Begin PBXProject section */
		BE4181BB14B38C92000251A7 /* Project object */ = {
			isa = PBXProject;
			attributes = {
				CLASSPREFIX = DCA;
				LastUpgradeCheck = 0460;
				ORGANIZATIONNAME = DrewCrawfordApps;
			};
			buildConfigurationList = BE4181BE14B38C92000251A7 /* Build configuration list for PBXProject "DCAKit" */;
			compatibilityVersion = "Xcode 3.2";
			developmentRegion = English;
			hasScannedForEncodings = 0;
			knownRegions = (
				en,
			);
			mainGroup = BE4181B914B38C92000251A7;
			productRefGroup = BE4181C814B38C93000251A7 /* Products */;
			projectDirPath = "";
			projectRoot = "";
			targets = (
				3A84833616D5DBB200927A33 /* DCAKit */,
				3A84834416D5DBB200927A33 /* DCAKitTests */,
				3A84836316D5DFB000927A33 /* DCAKitHeaders */,
			);
		};
/* End PBXProject section */

/* Begin PBXResourcesBuildPhase section */
		3A84834216D5DBB200927A33 /* Resources */ = {
			isa = PBXResourcesBuildPhase;
			buildActionMask = 2147483647;
			files = (
				3A84835116D5DBB200927A33 /* InfoPlist.strings in Resources */,
			);
			runOnlyForDeploymentPostprocessing = 0;
		};
/* End PBXResourcesBuildPhase section */

/* Begin PBXShellScriptBuildPhase section */
		3A84834316D5DBB200927A33 /* ShellScript */ = {
			isa = PBXShellScriptBuildPhase;
			buildActionMask = 2147483647;
			files = (
			);
			inputPaths = (
			);
			outputPaths = (
			);
			runOnlyForDeploymentPostprocessing = 0;
			shellPath = /bin/sh;
			shellScript = "set -e\nif [ \"$RUN_UNIT_TEST_WITH_IOS_SIM\" = \"YES\" ]; then\ntest_bundle_path=\"$BUILT_PRODUCTS_DIR/$PRODUCT_NAME.$WRAPPER_EXTENSION\"\nSOURCE_DIRECTORY=$SRCROOT\nMYSDK=${SDK_NAME#\"iphonesimulator\"} #should be like \"6.1\"\n    echo sim --sdk=$MYSDK  $SDKROOT/Developer/usr/bin/otest -NSTreatUnknownArgumentsAsOpen NO -ApplePersistenceIgnoreState YES -SenTest Self $CODESIGNING_FOLDER_PATH\n    sim --sdk=$MYSDK  $SDKROOT/Developer/usr/bin/otest -NSTreatUnknownArgumentsAsOpen NO -ApplePersistenceIgnoreState YES -SenTest Self $CODESIGNING_FOLDER_PATH\n    else\n    \"${SYSTEM_DEVELOPER_DIR}/Tools/RunUnitTests\"\nfi";
		};
/* End PBXShellScriptBuildPhase section */

/* Begin PBXSourcesBuildPhase section */
		3A84833316D5DBB200927A33 /* Sources */ = {
			isa = PBXSourcesBuildPhase;
			buildActionMask = 2147483647;
			files = (
				3A84833F16D5DBB200927A33 /* DCAKit.m in Sources */,
				3A84835B16D5DBC800927A33 /* DCASimpleKeychain.m in Sources */,
			);
			runOnlyForDeploymentPostprocessing = 0;
		};
		3A84834016D5DBB200927A33 /* Sources */ = {
			isa = PBXSourcesBuildPhase;
			buildActionMask = 2147483647;
			files = (
				3A84835416D5DBB200927A33 /* DCAKitTests.m in Sources */,
			);
			runOnlyForDeploymentPostprocessing = 0;
		};
		3A84837516D5E66700927A33 /* Sources */ = {
			isa = PBXSourcesBuildPhase;
			buildActionMask = 2147483647;
			files = (
				3A84837616D5E66D00927A33 /* DCAKit.m in Sources */,
			);
			runOnlyForDeploymentPostprocessing = 0;
		};
/* End PBXSourcesBuildPhase section */

/* Begin PBXTargetDependency section */
		3A84834A16D5DBB200927A33 /* PBXTargetDependency */ = {
			isa = PBXTargetDependency;
			target = 3A84833616D5DBB200927A33 /* DCAKit */;
			targetProxy = 3A84834916D5DBB200927A33 /* PBXContainerItemProxy */;
		};
		3A84837416D5DFDC00927A33 /* PBXTargetDependency */ = {
			isa = PBXTargetDependency;
			target = 3A84836316D5DFB000927A33 /* DCAKitHeaders */;
			targetProxy = 3A84837316D5DFDC00927A33 /* PBXContainerItemProxy */;
		};
/* End PBXTargetDependency section */

/* Begin PBXVariantGroup section */
		3A84834F16D5DBB200927A33 /* InfoPlist.strings */ = {
			isa = PBXVariantGroup;
			children = (
				3A84835016D5DBB200927A33 /* en */,
			);
			name = InfoPlist.strings;
			sourceTree = "<group>";
		};
		BE4181CC14B38C93000251A7 /* InfoPlist.strings */ = {
			isa = PBXVariantGroup;
			children = (
				BE4181CD14B38C93000251A7 /* en */,
			);
			name = InfoPlist.strings;
			sourceTree = "<group>";
		};
		BE4181E314B38C93000251A7 /* InfoPlist.strings */ = {
			isa = PBXVariantGroup;
			children = (
				BE4181E414B38C93000251A7 /* en */,
			);
			name = InfoPlist.strings;
			sourceTree = "<group>";
		};
/* End PBXVariantGroup section */

/* Begin XCBuildConfiguration section */
		3A84835616D5DBB200927A33 /* Debug */ = {
			isa = XCBuildConfiguration;
			buildSettings = {
				CLANG_CXX_LANGUAGE_STANDARD = "gnu++0x";
				CLANG_CXX_LIBRARY = "libc++";
				CLANG_WARN_EMPTY_BODY = YES;
				DSTROOT = /tmp/DCAKit.dst;
				FRAMEWORK_SEARCH_PATHS = (
					"$(inherited)",
					"\"$(SYSTEM_APPS_DIR)/Xcode.app/Contents/Developer/Library/Frameworks\"",
				);
				GCC_PRECOMPILE_PREFIX_HEADER = YES;
				GCC_PREFIX_HEADER = "DCAKit/DCAKit-Prefix.pch";
				GCC_PREPROCESSOR_DEFINITIONS = (
					"DEBUG=1",
					"$(inherited)",
				);
				IPHONEOS_DEPLOYMENT_TARGET = 6.1;
				ONLY_ACTIVE_ARCH = YES;
				OTHER_LDFLAGS = "-ObjC";
				PRODUCT_NAME = "$(TARGET_NAME)";
				PUBLIC_HEADERS_FOLDER_PATH = nowhere;
				SKIP_INSTALL = YES;
			};
			name = Debug;
		};
		3A84835716D5DBB200927A33 /* Release */ = {
			isa = XCBuildConfiguration;
			buildSettings = {
				CLANG_CXX_LANGUAGE_STANDARD = "gnu++0x";
				CLANG_CXX_LIBRARY = "libc++";
				CLANG_WARN_EMPTY_BODY = YES;
				DSTROOT = /tmp/DCAKit.dst;
				FRAMEWORK_SEARCH_PATHS = (
					"$(inherited)",
					"\"$(SYSTEM_APPS_DIR)/Xcode.app/Contents/Developer/Library/Frameworks\"",
				);
				GCC_PRECOMPILE_PREFIX_HEADER = YES;
				GCC_PREFIX_HEADER = "DCAKit/DCAKit-Prefix.pch";
				IPHONEOS_DEPLOYMENT_TARGET = 6.1;
				OTHER_LDFLAGS = "-ObjC";
				PRODUCT_NAME = "$(TARGET_NAME)";
				PUBLIC_HEADERS_FOLDER_PATH = nowhere;
				SKIP_INSTALL = YES;
			};
			name = Release;
		};
		3A84835916D5DBB200927A33 /* Debug */ = {
			isa = XCBuildConfiguration;
			buildSettings = {
				CLANG_CXX_LANGUAGE_STANDARD = "gnu++0x";
				CLANG_CXX_LIBRARY = "libc++";
				CLANG_WARN_EMPTY_BODY = YES;
				FRAMEWORK_SEARCH_PATHS = (
					"\"$(SDKROOT)/Developer/Library/Frameworks\"",
					"\"$(DEVELOPER_LIBRARY_DIR)/Frameworks\"",
				);
				GCC_PRECOMPILE_PREFIX_HEADER = YES;
				GCC_PREFIX_HEADER = "DCAKit/DCAKit-Prefix.pch";
				GCC_PREPROCESSOR_DEFINITIONS = (
					"DEBUG=1",
					"$(inherited)",
				);
				INFOPLIST_FILE = "DCAKitTests/DCAKitTests-Info.plist";
				IPHONEOS_DEPLOYMENT_TARGET = 6.1;
				ONLY_ACTIVE_ARCH = YES;
				PRODUCT_NAME = "$(TARGET_NAME)";
				WRAPPER_EXTENSION = octest;
			};
			name = Debug;
		};
		3A84835A16D5DBB200927A33 /* Release */ = {
			isa = XCBuildConfiguration;
			buildSettings = {
				CLANG_CXX_LANGUAGE_STANDARD = "gnu++0x";
				CLANG_CXX_LIBRARY = "libc++";
				CLANG_WARN_EMPTY_BODY = YES;
				FRAMEWORK_SEARCH_PATHS = (
					"\"$(SDKROOT)/Developer/Library/Frameworks\"",
					"\"$(DEVELOPER_LIBRARY_DIR)/Frameworks\"",
				);
				GCC_PRECOMPILE_PREFIX_HEADER = YES;
				GCC_PREFIX_HEADER = "DCAKit/DCAKit-Prefix.pch";
				INFOPLIST_FILE = "DCAKitTests/DCAKitTests-Info.plist";
				IPHONEOS_DEPLOYMENT_TARGET = 6.1;
				PRODUCT_NAME = "$(TARGET_NAME)";
				WRAPPER_EXTENSION = octest;
			};
			name = Release;
		};
		3A84836D16D5DFB100927A33 /* Debug */ = {
			isa = XCBuildConfiguration;
			buildSettings = {
				CLANG_CXX_LANGUAGE_STANDARD = "gnu++0x";
				CLANG_CXX_LIBRARY = "libc++";
				CLANG_WARN_EMPTY_BODY = YES;
				DSTROOT = /tmp/DCAKitHeaders.dst;
				FRAMEWORK_SEARCH_PATHS = (
					"$(inherited)",
					"\"$(SYSTEM_APPS_DIR)/Xcode.app/Contents/Developer/Library/Frameworks\"",
				);
				GCC_PRECOMPILE_PREFIX_HEADER = YES;
				GCC_PREFIX_HEADER = "DCAKitHeaders/DCAKitHeaders-Prefix.pch";
				GCC_PREPROCESSOR_DEFINITIONS = (
					"DEBUG=1",
					"$(inherited)",
				);
				IPHONEOS_DEPLOYMENT_TARGET = 6.1;
				ONLY_ACTIVE_ARCH = YES;
				OTHER_LDFLAGS = "-ObjC";
				PRODUCT_NAME = "$(TARGET_NAME)";
				SKIP_INSTALL = YES;
			};
			name = Debug;
		};
		3A84836E16D5DFB100927A33 /* Release */ = {
			isa = XCBuildConfiguration;
			buildSettings = {
				CLANG_CXX_LANGUAGE_STANDARD = "gnu++0x";
				CLANG_CXX_LIBRARY = "libc++";
				CLANG_WARN_EMPTY_BODY = YES;
				DSTROOT = /tmp/DCAKitHeaders.dst;
				FRAMEWORK_SEARCH_PATHS = (
					"$(inherited)",
					"\"$(SYSTEM_APPS_DIR)/Xcode.app/Contents/Developer/Library/Frameworks\"",
				);
				GCC_PRECOMPILE_PREFIX_HEADER = YES;
				GCC_PREFIX_HEADER = "DCAKitHeaders/DCAKitHeaders-Prefix.pch";
				IPHONEOS_DEPLOYMENT_TARGET = 6.1;
				OTHER_LDFLAGS = "-ObjC";
				PRODUCT_NAME = "$(TARGET_NAME)";
				SKIP_INSTALL = YES;
			};
			name = Release;
		};
		3A84837716D5E7AB00927A33 /* UnitTest */ = {
			isa = XCBuildConfiguration;
			buildSettings = {
				ALWAYS_SEARCH_USER_PATHS = NO;
				ARCHS = "$(ARCHS_STANDARD_32_BIT)";
				CLANG_ENABLE_OBJC_ARC = YES;
				CLANG_WARN_CONSTANT_CONVERSION = YES;
				CLANG_WARN_ENUM_CONVERSION = YES;
				CLANG_WARN_INT_CONVERSION = YES;
				CLANG_WARN__DUPLICATE_METHOD_MATCH = YES;
				COPY_PHASE_STRIP = NO;
				GCC_C_LANGUAGE_STANDARD = gnu99;
				GCC_DYNAMIC_NO_PIC = NO;
				GCC_OPTIMIZATION_LEVEL = 0;
				GCC_PREPROCESSOR_DEFINITIONS = (
					DCA_DEBUG,
					"DEBUG=1",
					"$(inherited)",
				);
				GCC_SYMBOLS_PRIVATE_EXTERN = NO;
				GCC_VERSION = com.apple.compilers.llvm.clang.1_0;
				GCC_WARN_ABOUT_MISSING_PROTOTYPES = YES;
				GCC_WARN_ABOUT_RETURN_TYPE = YES;
				GCC_WARN_UNINITIALIZED_AUTOS = YES;
				GCC_WARN_UNUSED_VARIABLE = YES;
				IPHONEOS_DEPLOYMENT_TARGET = 5.0;
				PUBLIC_HEADERS_FOLDER_PATH = include/DCAKit;
				SDKROOT = iphoneos;
			};
			name = UnitTest;
		};
		3A84837816D5E7AB00927A33 /* UnitTest */ = {
			isa = XCBuildConfiguration;
			buildSettings = {
				CLANG_CXX_LANGUAGE_STANDARD = "gnu++0x";
				CLANG_CXX_LIBRARY = "libc++";
				CLANG_WARN_EMPTY_BODY = YES;
				DSTROOT = /tmp/DCAKit.dst;
				FRAMEWORK_SEARCH_PATHS = (
					"$(inherited)",
					"\"$(SYSTEM_APPS_DIR)/Xcode.app/Contents/Developer/Library/Frameworks\"",
				);
				GCC_PRECOMPILE_PREFIX_HEADER = YES;
				GCC_PREFIX_HEADER = "DCAKit/DCAKit-Prefix.pch";
				GCC_PREPROCESSOR_DEFINITIONS = (
					"DEBUG=1",
					"$(inherited)",
				);
				IPHONEOS_DEPLOYMENT_TARGET = 6.1;
				ONLY_ACTIVE_ARCH = NO;
				OTHER_LDFLAGS = "-ObjC";
				PRODUCT_NAME = "$(TARGET_NAME)";
				PUBLIC_HEADERS_FOLDER_PATH = nowhere;
				SKIP_INSTALL = YES;
			};
			name = UnitTest;
		};
		3A84837916D5E7AB00927A33 /* UnitTest */ = {
			isa = XCBuildConfiguration;
			buildSettings = {
				CLANG_CXX_LANGUAGE_STANDARD = "gnu++0x";
				CLANG_CXX_LIBRARY = "libc++";
				CLANG_WARN_EMPTY_BODY = YES;
				FRAMEWORK_SEARCH_PATHS = (
					"\"$(SDKROOT)/Developer/Library/Frameworks\"",
					"\"$(DEVELOPER_LIBRARY_DIR)/Frameworks\"",
				);
				GCC_PRECOMPILE_PREFIX_HEADER = YES;
				GCC_PREFIX_HEADER = "DCAKit/DCAKit-Prefix.pch";
				GCC_PREPROCESSOR_DEFINITIONS = (
					"DEBUG=1",
					"$(inherited)",
				);
				INFOPLIST_FILE = "DCAKitTests/DCAKitTests-Info.plist";
				IPHONEOS_DEPLOYMENT_TARGET = 6.1;
				ONLY_ACTIVE_ARCH = NO;
				PRODUCT_NAME = "$(TARGET_NAME)";
				WRAPPER_EXTENSION = octest;
			};
			name = UnitTest;
		};
		3A84837A16D5E7AB00927A33 /* UnitTest */ = {
			isa = XCBuildConfiguration;
			buildSettings = {
				CLANG_CXX_LANGUAGE_STANDARD = "gnu++0x";
				CLANG_CXX_LIBRARY = "libc++";
				CLANG_WARN_EMPTY_BODY = YES;
				DSTROOT = /tmp/DCAKitHeaders.dst;
				FRAMEWORK_SEARCH_PATHS = (
					"$(inherited)",
					"\"$(SYSTEM_APPS_DIR)/Xcode.app/Contents/Developer/Library/Frameworks\"",
				);
				GCC_PRECOMPILE_PREFIX_HEADER = YES;
				GCC_PREFIX_HEADER = "DCAKitHeaders/DCAKitHeaders-Prefix.pch";
				GCC_PREPROCESSOR_DEFINITIONS = (
					"DEBUG=1",
					"$(inherited)",
				);
				IPHONEOS_DEPLOYMENT_TARGET = 6.1;
				ONLY_ACTIVE_ARCH = NO;
				OTHER_LDFLAGS = "-ObjC";
				PRODUCT_NAME = "$(TARGET_NAME)";
				SKIP_INSTALL = YES;
			};
			name = UnitTest;
		};
		BE4181E914B38C93000251A7 /* Debug */ = {
			isa = XCBuildConfiguration;
			buildSettings = {
				ALWAYS_SEARCH_USER_PATHS = NO;
				ARCHS = "$(ARCHS_STANDARD_32_BIT)";
				CLANG_ENABLE_OBJC_ARC = YES;
				CLANG_WARN_CONSTANT_CONVERSION = YES;
				CLANG_WARN_ENUM_CONVERSION = YES;
				CLANG_WARN_INT_CONVERSION = YES;
				CLANG_WARN__DUPLICATE_METHOD_MATCH = YES;
				COPY_PHASE_STRIP = NO;
				GCC_C_LANGUAGE_STANDARD = gnu99;
				GCC_DYNAMIC_NO_PIC = NO;
				GCC_OPTIMIZATION_LEVEL = 0;
				GCC_PREPROCESSOR_DEFINITIONS = (
					DCA_DEBUG,
					"DEBUG=1",
					"$(inherited)",
				);
				GCC_SYMBOLS_PRIVATE_EXTERN = NO;
				GCC_VERSION = com.apple.compilers.llvm.clang.1_0;
				GCC_WARN_ABOUT_MISSING_PROTOTYPES = YES;
				GCC_WARN_ABOUT_RETURN_TYPE = YES;
				GCC_WARN_UNINITIALIZED_AUTOS = YES;
				GCC_WARN_UNUSED_VARIABLE = YES;
				IPHONEOS_DEPLOYMENT_TARGET = 5.0;
				PUBLIC_HEADERS_FOLDER_PATH = include/DCAKit;
				SDKROOT = iphoneos;
			};
			name = Debug;
		};
		BE4181EA14B38C93000251A7 /* Release */ = {
			isa = XCBuildConfiguration;
			buildSettings = {
				ALWAYS_SEARCH_USER_PATHS = NO;
				ARCHS = "$(ARCHS_STANDARD_32_BIT)";
				CLANG_ENABLE_OBJC_ARC = YES;
				CLANG_WARN_CONSTANT_CONVERSION = YES;
				CLANG_WARN_ENUM_CONVERSION = YES;
				CLANG_WARN_INT_CONVERSION = YES;
				CLANG_WARN__DUPLICATE_METHOD_MATCH = YES;
				COPY_PHASE_STRIP = YES;
				GCC_C_LANGUAGE_STANDARD = gnu99;
				GCC_PREPROCESSOR_DEFINITIONS = DCA_RELEASE;
				GCC_VERSION = com.apple.compilers.llvm.clang.1_0;
				GCC_WARN_ABOUT_MISSING_PROTOTYPES = YES;
				GCC_WARN_ABOUT_RETURN_TYPE = YES;
				GCC_WARN_UNINITIALIZED_AUTOS = YES;
				GCC_WARN_UNUSED_VARIABLE = YES;
				IPHONEOS_DEPLOYMENT_TARGET = 5.0;
				PUBLIC_HEADERS_FOLDER_PATH = include/DCAKit;
				SDKROOT = iphoneos;
				VALIDATE_PRODUCT = YES;
			};
			name = Release;
		};
/* End XCBuildConfiguration section */

/* Begin XCConfigurationList section */
		3A84835516D5DBB200927A33 /* Build configuration list for PBXNativeTarget "DCAKit" */ = {
			isa = XCConfigurationList;
			buildConfigurations = (
				3A84835616D5DBB200927A33 /* Debug */,
				3A84837816D5E7AB00927A33 /* UnitTest */,
				3A84835716D5DBB200927A33 /* Release */,
			);
			defaultConfigurationIsVisible = 0;
			defaultConfigurationName = Release;
		};
		3A84835816D5DBB200927A33 /* Build configuration list for PBXNativeTarget "DCAKitTests" */ = {
			isa = XCConfigurationList;
			buildConfigurations = (
				3A84835916D5DBB200927A33 /* Debug */,
				3A84837916D5E7AB00927A33 /* UnitTest */,
				3A84835A16D5DBB200927A33 /* Release */,
			);
			defaultConfigurationIsVisible = 0;
			defaultConfigurationName = Release;
		};
		3A84836F16D5DFB100927A33 /* Build configuration list for PBXNativeTarget "DCAKitHeaders" */ = {
			isa = XCConfigurationList;
			buildConfigurations = (
				3A84836D16D5DFB100927A33 /* Debug */,
				3A84837A16D5E7AB00927A33 /* UnitTest */,
				3A84836E16D5DFB100927A33 /* Release */,
			);
			defaultConfigurationIsVisible = 0;
		};
		BE4181BE14B38C92000251A7 /* Build configuration list for PBXProject "DCAKit" */ = {
			isa = XCConfigurationList;
			buildConfigurations = (
				BE4181E914B38C93000251A7 /* Debug */,
				3A84837716D5E7AB00927A33 /* UnitTest */,
				BE4181EA14B38C93000251A7 /* Release */,
			);
			defaultConfigurationIsVisible = 0;
			defaultConfigurationName = Release;
		};
/* End XCConfigurationList section */
	};
	rootObject = BE4181BB14B38C92000251A7 /* Project object */;
}
