// !$*UTF8*$!
{
	archiveVersion = 1;
	classes = {
	};
	objectVersion = 46;
	objects = {

/* Begin PBXBuildFile section */
		BE4181CE14B38C93000251A7 /* InfoPlist.strings in Resources */ = {isa = PBXBuildFile; fileRef = BE4181CC14B38C93000251A7 /* InfoPlist.strings */; };
		BE4181D814B38C93000251A7 /* SenTestingKit.framework in Frameworks */ = {isa = PBXBuildFile; fileRef = BE4181D714B38C93000251A7 /* SenTestingKit.framework */; };
		BE4181DA14B38C93000251A7 /* UIKit.framework in Frameworks */ = {isa = PBXBuildFile; fileRef = BE4181D914B38C93000251A7 /* UIKit.framework */; };
		BE4181DC14B38C93000251A7 /* Foundation.framework in Frameworks */ = {isa = PBXBuildFile; fileRef = BE4181DB14B38C93000251A7 /* Foundation.framework */; };
		BE4181DF14B38C93000251A7 /* DCAKit.framework in Resources */ = {isa = PBXBuildFile; fileRef = BE4181C714B38C93000251A7 /* DCAKit.framework */; };
		BE4181E514B38C93000251A7 /* InfoPlist.strings in Resources */ = {isa = PBXBuildFile; fileRef = BE4181E314B38C93000251A7 /* InfoPlist.strings */; };
		BE4181E814B38C93000251A7 /* DCAKitTests.m in Sources */ = {isa = PBXBuildFile; fileRef = BE4181E714B38C93000251A7 /* DCAKitTests.m */; };
		BE754E7714B3907F007F23B9 /* FormBuilder.h in Headers */ = {isa = PBXBuildFile; fileRef = BE754E3C14B3907F007F23B9 /* FormBuilder.h */; };
		BE754E7814B3907F007F23B9 /* FormBuilder.m in Sources */ = {isa = PBXBuildFile; fileRef = BE754E3D14B3907F007F23B9 /* FormBuilder.m */; };
		BE754E7914B3907F007F23B9 /* FormBuilder.m in Sources */ = {isa = PBXBuildFile; fileRef = BE754E3D14B3907F007F23B9 /* FormBuilder.m */; };
		BE754E7A14B3907F007F23B9 /* FormField.h in Headers */ = {isa = PBXBuildFile; fileRef = BE754E3E14B3907F007F23B9 /* FormField.h */; };
		BE754E7B14B3907F007F23B9 /* FormField.m in Sources */ = {isa = PBXBuildFile; fileRef = BE754E3F14B3907F007F23B9 /* FormField.m */; };
		BE754E7C14B3907F007F23B9 /* FormField.m in Sources */ = {isa = PBXBuildFile; fileRef = BE754E3F14B3907F007F23B9 /* FormField.m */; };
		BE754E7D14B3907F007F23B9 /* FormField+TextFieldDelegate.h in Headers */ = {isa = PBXBuildFile; fileRef = BE754E4014B3907F007F23B9 /* FormField+TextFieldDelegate.h */; };
		BE754E7E14B3907F007F23B9 /* FormField+TextFieldDelegate.m in Sources */ = {isa = PBXBuildFile; fileRef = BE754E4114B3907F007F23B9 /* FormField+TextFieldDelegate.m */; };
		BE754E7F14B3907F007F23B9 /* FormField+TextFieldDelegate.m in Sources */ = {isa = PBXBuildFile; fileRef = BE754E4114B3907F007F23B9 /* FormField+TextFieldDelegate.m */; };
		BE754E8014B3907F007F23B9 /* HTTPRequest.h in Headers */ = {isa = PBXBuildFile; fileRef = BE754E4214B3907F007F23B9 /* HTTPRequest.h */; };
		BE754E8114B3907F007F23B9 /* HTTPRequest.m in Sources */ = {isa = PBXBuildFile; fileRef = BE754E4314B3907F007F23B9 /* HTTPRequest.m */; };
		BE754E8214B3907F007F23B9 /* HTTPRequest.m in Sources */ = {isa = PBXBuildFile; fileRef = BE754E4314B3907F007F23B9 /* HTTPRequest.m */; };
		BE754E8914B3907F007F23B9 /* NSRegularExpression+helpers.h in Headers */ = {isa = PBXBuildFile; fileRef = BE754E4814B3907F007F23B9 /* NSRegularExpression+helpers.h */; };
		BE754E8A14B3907F007F23B9 /* NSRegularExpression+helpers.m in Sources */ = {isa = PBXBuildFile; fileRef = BE754E4914B3907F007F23B9 /* NSRegularExpression+helpers.m */; };
		BE754E8B14B3907F007F23B9 /* NSRegularExpression+helpers.m in Sources */ = {isa = PBXBuildFile; fileRef = BE754E4914B3907F007F23B9 /* NSRegularExpression+helpers.m */; };
		BE754E8C14B3907F007F23B9 /* NSTextCheckingResult+helpers.h in Headers */ = {isa = PBXBuildFile; fileRef = BE754E4A14B3907F007F23B9 /* NSTextCheckingResult+helpers.h */; };
		BE754E8D14B3907F007F23B9 /* NSTextCheckingResult+helpers.m in Sources */ = {isa = PBXBuildFile; fileRef = BE754E4B14B3907F007F23B9 /* NSTextCheckingResult+helpers.m */; };
		BE754E8E14B3907F007F23B9 /* NSTextCheckingResult+helpers.m in Sources */ = {isa = PBXBuildFile; fileRef = BE754E4B14B3907F007F23B9 /* NSTextCheckingResult+helpers.m */; };
		BE754E9214B3907F007F23B9 /* UIControl+CaptureUIControlEvents.h in Headers */ = {isa = PBXBuildFile; fileRef = BE754E4E14B3907F007F23B9 /* UIControl+CaptureUIControlEvents.h */; };
		BE754E9314B3907F007F23B9 /* UIControl+CaptureUIControlEvents.m in Sources */ = {isa = PBXBuildFile; fileRef = BE754E4F14B3907F007F23B9 /* UIControl+CaptureUIControlEvents.m */; };
		BE754E9414B3907F007F23B9 /* UIControl+CaptureUIControlEvents.m in Sources */ = {isa = PBXBuildFile; fileRef = BE754E4F14B3907F007F23B9 /* UIControl+CaptureUIControlEvents.m */; };
		BE754E9514B3907F007F23B9 /* UITableView+resize.h in Headers */ = {isa = PBXBuildFile; fileRef = BE754E5014B3907F007F23B9 /* UITableView+resize.h */; };
		BE754E9614B3907F007F23B9 /* UITableView+resize.m in Sources */ = {isa = PBXBuildFile; fileRef = BE754E5114B3907F007F23B9 /* UITableView+resize.m */; };
		BE754E9714B3907F007F23B9 /* UITableView+resize.m in Sources */ = {isa = PBXBuildFile; fileRef = BE754E5114B3907F007F23B9 /* UITableView+resize.m */; };
/* End PBXBuildFile section */

/* Begin PBXContainerItemProxy section */
		BE4181DD14B38C93000251A7 /* PBXContainerItemProxy */ = {
			isa = PBXContainerItemProxy;
			containerPortal = BE4181BB14B38C92000251A7 /* Project object */;
			proxyType = 1;
			remoteGlobalIDString = BE4181C614B38C93000251A7;
			remoteInfo = DCAKit;
		};
/* End PBXContainerItemProxy section */

/* Begin PBXFileReference section */
		BE4181C714B38C93000251A7 /* DCAKit.framework */ = {isa = PBXFileReference; explicitFileType = wrapper.cfbundle; includeInIndex = 0; path = DCAKit.framework; sourceTree = BUILT_PRODUCTS_DIR; };
		BE4181CB14B38C93000251A7 /* DCAKit-Info.plist */ = {isa = PBXFileReference; lastKnownFileType = text.plist.xml; path = "DCAKit-Info.plist"; sourceTree = "<group>"; };
		BE4181CD14B38C93000251A7 /* en */ = {isa = PBXFileReference; lastKnownFileType = text.plist.strings; name = en; path = en.lproj/InfoPlist.strings; sourceTree = "<group>"; };
		BE4181CF14B38C93000251A7 /* DCAKit-Prefix.pch */ = {isa = PBXFileReference; lastKnownFileType = sourcecode.c.h; path = "DCAKit-Prefix.pch"; sourceTree = "<group>"; };
		BE4181D514B38C93000251A7 /* DCAKitTests.octest */ = {isa = PBXFileReference; explicitFileType = wrapper.cfbundle; includeInIndex = 0; path = DCAKitTests.octest; sourceTree = BUILT_PRODUCTS_DIR; };
		BE4181D714B38C93000251A7 /* SenTestingKit.framework */ = {isa = PBXFileReference; lastKnownFileType = wrapper.framework; name = SenTestingKit.framework; path = Library/Frameworks/SenTestingKit.framework; sourceTree = DEVELOPER_DIR; };
		BE4181D914B38C93000251A7 /* UIKit.framework */ = {isa = PBXFileReference; lastKnownFileType = wrapper.framework; name = UIKit.framework; path = Library/Frameworks/UIKit.framework; sourceTree = DEVELOPER_DIR; };
		BE4181DB14B38C93000251A7 /* Foundation.framework */ = {isa = PBXFileReference; lastKnownFileType = wrapper.framework; name = Foundation.framework; path = Library/Frameworks/Foundation.framework; sourceTree = DEVELOPER_DIR; };
		BE4181E214B38C93000251A7 /* DCAKitTests-Info.plist */ = {isa = PBXFileReference; lastKnownFileType = text.plist.xml; path = "DCAKitTests-Info.plist"; sourceTree = "<group>"; };
		BE4181E414B38C93000251A7 /* en */ = {isa = PBXFileReference; lastKnownFileType = text.plist.strings; name = en; path = en.lproj/InfoPlist.strings; sourceTree = "<group>"; };
		BE4181E614B38C93000251A7 /* DCAKitTests.h */ = {isa = PBXFileReference; lastKnownFileType = sourcecode.c.h; path = DCAKitTests.h; sourceTree = "<group>"; };
		BE4181E714B38C93000251A7 /* DCAKitTests.m */ = {isa = PBXFileReference; lastKnownFileType = sourcecode.c.objc; path = DCAKitTests.m; sourceTree = "<group>"; };
		BE754E3C14B3907F007F23B9 /* FormBuilder.h */ = {isa = PBXFileReference; fileEncoding = 4; lastKnownFileType = sourcecode.c.h; path = FormBuilder.h; sourceTree = SOURCE_ROOT; };
		BE754E3D14B3907F007F23B9 /* FormBuilder.m */ = {isa = PBXFileReference; fileEncoding = 4; lastKnownFileType = sourcecode.c.objc; path = FormBuilder.m; sourceTree = SOURCE_ROOT; };
		BE754E3E14B3907F007F23B9 /* FormField.h */ = {isa = PBXFileReference; fileEncoding = 4; lastKnownFileType = sourcecode.c.h; path = FormField.h; sourceTree = SOURCE_ROOT; };
		BE754E3F14B3907F007F23B9 /* FormField.m */ = {isa = PBXFileReference; fileEncoding = 4; lastKnownFileType = sourcecode.c.objc; path = FormField.m; sourceTree = SOURCE_ROOT; };
		BE754E4014B3907F007F23B9 /* FormField+TextFieldDelegate.h */ = {isa = PBXFileReference; fileEncoding = 4; lastKnownFileType = sourcecode.c.h; path = "FormField+TextFieldDelegate.h"; sourceTree = SOURCE_ROOT; };
		BE754E4114B3907F007F23B9 /* FormField+TextFieldDelegate.m */ = {isa = PBXFileReference; fileEncoding = 4; lastKnownFileType = sourcecode.c.objc; path = "FormField+TextFieldDelegate.m"; sourceTree = SOURCE_ROOT; };
		BE754E4214B3907F007F23B9 /* HTTPRequest.h */ = {isa = PBXFileReference; fileEncoding = 4; lastKnownFileType = sourcecode.c.h; path = HTTPRequest.h; sourceTree = SOURCE_ROOT; };
		BE754E4314B3907F007F23B9 /* HTTPRequest.m */ = {isa = PBXFileReference; fileEncoding = 4; lastKnownFileType = sourcecode.c.objc; path = HTTPRequest.m; sourceTree = SOURCE_ROOT; };
		BE754E4814B3907F007F23B9 /* NSRegularExpression+helpers.h */ = {isa = PBXFileReference; fileEncoding = 4; lastKnownFileType = sourcecode.c.h; path = "NSRegularExpression+helpers.h"; sourceTree = SOURCE_ROOT; };
		BE754E4914B3907F007F23B9 /* NSRegularExpression+helpers.m */ = {isa = PBXFileReference; fileEncoding = 4; lastKnownFileType = sourcecode.c.objc; path = "NSRegularExpression+helpers.m"; sourceTree = SOURCE_ROOT; };
		BE754E4A14B3907F007F23B9 /* NSTextCheckingResult+helpers.h */ = {isa = PBXFileReference; fileEncoding = 4; lastKnownFileType = sourcecode.c.h; path = "NSTextCheckingResult+helpers.h"; sourceTree = SOURCE_ROOT; };
		BE754E4B14B3907F007F23B9 /* NSTextCheckingResult+helpers.m */ = {isa = PBXFileReference; fileEncoding = 4; lastKnownFileType = sourcecode.c.objc; path = "NSTextCheckingResult+helpers.m"; sourceTree = SOURCE_ROOT; };
		BE754E4E14B3907F007F23B9 /* UIControl+CaptureUIControlEvents.h */ = {isa = PBXFileReference; fileEncoding = 4; lastKnownFileType = sourcecode.c.h; path = "UIControl+CaptureUIControlEvents.h"; sourceTree = SOURCE_ROOT; };
		BE754E4F14B3907F007F23B9 /* UIControl+CaptureUIControlEvents.m */ = {isa = PBXFileReference; fileEncoding = 4; lastKnownFileType = sourcecode.c.objc; path = "UIControl+CaptureUIControlEvents.m"; sourceTree = SOURCE_ROOT; };
		BE754E5014B3907F007F23B9 /* UITableView+resize.h */ = {isa = PBXFileReference; fileEncoding = 4; lastKnownFileType = sourcecode.c.h; path = "UITableView+resize.h"; sourceTree = SOURCE_ROOT; };
		BE754E5114B3907F007F23B9 /* UITableView+resize.m */ = {isa = PBXFileReference; fileEncoding = 4; lastKnownFileType = sourcecode.c.objc; path = "UITableView+resize.m"; sourceTree = SOURCE_ROOT; };
/* End PBXFileReference section */

/* Begin PBXFrameworksBuildPhase section */
		BE4181C214B38C93000251A7 /* Frameworks */ = {
			isa = PBXFrameworksBuildPhase;
			buildActionMask = 2147483647;
			files = (
			);
			runOnlyForDeploymentPostprocessing = 0;
		};
		BE4181D114B38C93000251A7 /* Frameworks */ = {
			isa = PBXFrameworksBuildPhase;
			buildActionMask = 2147483647;
			files = (
				BE4181D814B38C93000251A7 /* SenTestingKit.framework in Frameworks */,
				BE4181DA14B38C93000251A7 /* UIKit.framework in Frameworks */,
				BE4181DC14B38C93000251A7 /* Foundation.framework in Frameworks */,
			);
			runOnlyForDeploymentPostprocessing = 0;
		};
/* End PBXFrameworksBuildPhase section */

/* Begin PBXGroup section */
		BE4181B914B38C92000251A7 = {
			isa = PBXGroup;
			children = (
				BE4181C914B38C93000251A7 /* DCAKit */,
				BE4181E014B38C93000251A7 /* DCAKitTests */,
				BE4181D614B38C93000251A7 /* Frameworks */,
				BE4181C814B38C93000251A7 /* Products */,
			);
			sourceTree = "<group>";
		};
		BE4181C814B38C93000251A7 /* Products */ = {
			isa = PBXGroup;
			children = (
				BE4181C714B38C93000251A7 /* DCAKit.framework */,
				BE4181D514B38C93000251A7 /* DCAKitTests.octest */,
			);
			name = Products;
			sourceTree = "<group>";
		};
		BE4181C914B38C93000251A7 /* DCAKit */ = {
			isa = PBXGroup;
			children = (
				BE754E9B14B390AA007F23B9 /* FormBuilder */,
				BE754E9C14B390BF007F23B9 /* HTTPRequest */,
				BE754E9D14B390E0007F23B9 /* NSRegularExpression */,
				BE4181CA14B38C93000251A7 /* Supporting Files */,
			);
			path = DCAKit;
			sourceTree = "<group>";
		};
		BE4181CA14B38C93000251A7 /* Supporting Files */ = {
			isa = PBXGroup;
			children = (
				BE4181CB14B38C93000251A7 /* DCAKit-Info.plist */,
				BE4181CC14B38C93000251A7 /* InfoPlist.strings */,
				BE4181CF14B38C93000251A7 /* DCAKit-Prefix.pch */,
			);
			name = "Supporting Files";
			sourceTree = "<group>";
		};
		BE4181D614B38C93000251A7 /* Frameworks */ = {
			isa = PBXGroup;
			children = (
				BE4181D714B38C93000251A7 /* SenTestingKit.framework */,
				BE4181D914B38C93000251A7 /* UIKit.framework */,
				BE4181DB14B38C93000251A7 /* Foundation.framework */,
			);
			name = Frameworks;
			sourceTree = "<group>";
		};
		BE4181E014B38C93000251A7 /* DCAKitTests */ = {
			isa = PBXGroup;
			children = (
				BE4181E614B38C93000251A7 /* DCAKitTests.h */,
				BE4181E714B38C93000251A7 /* DCAKitTests.m */,
				BE4181E114B38C93000251A7 /* Supporting Files */,
			);
			path = DCAKitTests;
			sourceTree = "<group>";
		};
		BE4181E114B38C93000251A7 /* Supporting Files */ = {
			isa = PBXGroup;
			children = (
				BE4181E214B38C93000251A7 /* DCAKitTests-Info.plist */,
				BE4181E314B38C93000251A7 /* InfoPlist.strings */,
			);
			name = "Supporting Files";
			sourceTree = "<group>";
		};
		BE754E9B14B390AA007F23B9 /* FormBuilder */ = {
			isa = PBXGroup;
			children = (
				BE754E4E14B3907F007F23B9 /* UIControl+CaptureUIControlEvents.h */,
				BE754E4F14B3907F007F23B9 /* UIControl+CaptureUIControlEvents.m */,
				BE754E5014B3907F007F23B9 /* UITableView+resize.h */,
				BE754E5114B3907F007F23B9 /* UITableView+resize.m */,
				BE754E3C14B3907F007F23B9 /* FormBuilder.h */,
				BE754E3D14B3907F007F23B9 /* FormBuilder.m */,
				BE754E3E14B3907F007F23B9 /* FormField.h */,
				BE754E3F14B3907F007F23B9 /* FormField.m */,
				BE754E4014B3907F007F23B9 /* FormField+TextFieldDelegate.h */,
				BE754E4114B3907F007F23B9 /* FormField+TextFieldDelegate.m */,
			);
			name = FormBuilder;
			sourceTree = "<group>";
		};
		BE754E9C14B390BF007F23B9 /* HTTPRequest */ = {
			isa = PBXGroup;
			children = (
				BE754E4214B3907F007F23B9 /* HTTPRequest.h */,
				BE754E4314B3907F007F23B9 /* HTTPRequest.m */,
			);
			name = HTTPRequest;
			sourceTree = "<group>";
		};
		BE754E9D14B390E0007F23B9 /* NSRegularExpression */ = {
			isa = PBXGroup;
			children = (
				BE754E4814B3907F007F23B9 /* NSRegularExpression+helpers.h */,
				BE754E4914B3907F007F23B9 /* NSRegularExpression+helpers.m */,
				BE754E4A14B3907F007F23B9 /* NSTextCheckingResult+helpers.h */,
				BE754E4B14B3907F007F23B9 /* NSTextCheckingResult+helpers.m */,
			);
			name = NSRegularExpression;
			sourceTree = "<group>";
		};
/* End PBXGroup section */

/* Begin PBXHeadersBuildPhase section */
		BE4181C314B38C93000251A7 /* Headers */ = {
			isa = PBXHeadersBuildPhase;
			buildActionMask = 2147483647;
			files = (
				BE754E7714B3907F007F23B9 /* FormBuilder.h in Headers */,
				BE754E7A14B3907F007F23B9 /* FormField.h in Headers */,
				BE754E7D14B3907F007F23B9 /* FormField+TextFieldDelegate.h in Headers */,
				BE754E8014B3907F007F23B9 /* HTTPRequest.h in Headers */,
				BE754E8914B3907F007F23B9 /* NSRegularExpression+helpers.h in Headers */,
				BE754E8C14B3907F007F23B9 /* NSTextCheckingResult+helpers.h in Headers */,
				BE754E9214B3907F007F23B9 /* UIControl+CaptureUIControlEvents.h in Headers */,
				BE754E9514B3907F007F23B9 /* UITableView+resize.h in Headers */,
			);
			runOnlyForDeploymentPostprocessing = 0;
		};
/* End PBXHeadersBuildPhase section */

/* Begin PBXNativeTarget section */
		BE4181C614B38C93000251A7 /* DCAKit */ = {
			isa = PBXNativeTarget;
			buildConfigurationList = BE4181EB14B38C93000251A7 /* Build configuration list for PBXNativeTarget "DCAKit" */;
			buildPhases = (
				BE4181C014B38C93000251A7 /* ShellScript */,
				BE4181C114B38C93000251A7 /* Sources */,
				BE4181C214B38C93000251A7 /* Frameworks */,
				BE4181C314B38C93000251A7 /* Headers */,
				BE4181C414B38C93000251A7 /* Resources */,
				BE4181C514B38C93000251A7 /* ShellScript */,
			);
			buildRules = (
			);
			dependencies = (
			);
			name = DCAKit;
			productName = DCAKit;
			productReference = BE4181C714B38C93000251A7 /* DCAKit.framework */;
			productType = "com.apple.product-type.bundle";
		};
		BE4181D414B38C93000251A7 /* DCAKitTests */ = {
			isa = PBXNativeTarget;
			buildConfigurationList = BE4181EE14B38C93000251A7 /* Build configuration list for PBXNativeTarget "DCAKitTests" */;
			buildPhases = (
				BE4181D014B38C93000251A7 /* Sources */,
				BE4181D114B38C93000251A7 /* Frameworks */,
				BE4181D214B38C93000251A7 /* Resources */,
				BE4181D314B38C93000251A7 /* ShellScript */,
			);
			buildRules = (
			);
			dependencies = (
				BE4181DE14B38C93000251A7 /* PBXTargetDependency */,
			);
			name = DCAKitTests;
			productName = DCAKitTests;
			productReference = BE4181D514B38C93000251A7 /* DCAKitTests.octest */;
			productType = "com.apple.product-type.bundle";
		};
/* End PBXNativeTarget section */

/* Begin PBXProject section */
		BE4181BB14B38C92000251A7 /* Project object */ = {
			isa = PBXProject;
			attributes = {
				LastUpgradeCheck = 0420;
				ORGANIZATIONNAME = DrewCrawfordApps;
			};
			buildConfigurationList = BE4181BE14B38C92000251A7 /* Build configuration list for PBXProject "DCAKit" */;
			compatibilityVersion = "Xcode 3.2";
			developmentRegion = English;
			hasScannedForEncodings = 0;
			knownRegions = (
				en,
			);
			mainGroup = BE4181B914B38C92000251A7;
			productRefGroup = BE4181C814B38C93000251A7 /* Products */;
			projectDirPath = "";
			projectRoot = "";
			targets = (
				BE4181C614B38C93000251A7 /* DCAKit */,
				BE4181D414B38C93000251A7 /* DCAKitTests */,
			);
		};
/* End PBXProject section */

/* Begin PBXResourcesBuildPhase section */
		BE4181C414B38C93000251A7 /* Resources */ = {
			isa = PBXResourcesBuildPhase;
			buildActionMask = 2147483647;
			files = (
				BE4181CE14B38C93000251A7 /* InfoPlist.strings in Resources */,
			);
			runOnlyForDeploymentPostprocessing = 0;
		};
		BE4181D214B38C93000251A7 /* Resources */ = {
			isa = PBXResourcesBuildPhase;
			buildActionMask = 2147483647;
			files = (
				BE4181DF14B38C93000251A7 /* DCAKit.framework in Resources */,
				BE4181E514B38C93000251A7 /* InfoPlist.strings in Resources */,
			);
			runOnlyForDeploymentPostprocessing = 0;
		};
/* End PBXResourcesBuildPhase section */

/* Begin PBXShellScriptBuildPhase section */
		BE4181C014B38C93000251A7 /* ShellScript */ = {
			isa = PBXShellScriptBuildPhase;
			buildActionMask = 2147483647;
			files = (
			);
			inputPaths = (
			);
			outputPaths = (
			);
			runOnlyForDeploymentPostprocessing = 0;
			shellPath = /bin/sh;
			shellScript = "set -e\n\nset +u\nif [[ $UFW_MASTER_SCRIPT_RUNNING ]]\nthen\n    # Nothing for the slave script to do\n    exit 0\nfi\nset -u\n\nif [[ \"$SDK_NAME\" =~ ([A-Za-z]+) ]]\nthen\n    UFW_SDK_PLATFORM=${BASH_REMATCH[1]}\nelse\n    echo \"Could not find platform name from SDK_NAME: $SDK_NAME\"\n    exit 1\nfi\n\nif [[ \"$SDK_NAME\" =~ ([0-9]+.*$) ]]\nthen\n\tUFW_SDK_VERSION=${BASH_REMATCH[1]}\nelse\n    echo \"Could not find sdk version  from SDK_NAME: $SDK_NAME\"\n    exit 1\nfi\n\nif [[ \"$UFW_SDK_PLATFORM\" = \"iphoneos\" ]]\nthen\n    UFW_OTHER_PLATFORM=iphonesimulator\nelse\n    UFW_OTHER_PLATFORM=iphoneos\nfi\n\nif [[ \"$BUILT_PRODUCTS_DIR\" =~ (.*)$UFW_SDK_PLATFORM$ ]]\nthen\n    UFW_OTHER_BUILT_PRODUCTS_DIR=\"${BASH_REMATCH[1]}${UFW_OTHER_PLATFORM}\"\nelse\n    echo \"Could not find $UFW_SDK_PLATFORM in $BUILT_PRODUCTS_DIR\"\n    exit 1\nfi\n\n\n# Short-circuit if all binaries are up to date\n\nif [[ -f \"${BUILT_PRODUCTS_DIR}/${EXECUTABLE_PATH}\" ]] && \\\n   [[ -f \"${BUILT_PRODUCTS_DIR}/${PRODUCT_NAME}.embeddedframework/${EXECUTABLE_PATH}\" ]] && \\\n   [[ ! \"${BUILT_PRODUCTS_DIR}/${EXECUTABLE_PATH}\" -nt \"${BUILT_PRODUCTS_DIR}/${PRODUCT_NAME}.embeddedframework/${EXECUTABLE_PATH}\" ]]\n   [[ -f \"${UFW_OTHER_BUILT_PRODUCTS_DIR}/${EXECUTABLE_PATH}\" ]] && \\\n   [[ -f \"${UFW_OTHER_BUILT_PRODUCTS_DIR}/${PRODUCT_NAME}.embeddedframework/${EXECUTABLE_PATH}\" ]] && \\\n   [[ ! \"${UFW_OTHER_BUILT_PRODUCTS_DIR}/${EXECUTABLE_PATH}\" -nt \"${UFW_OTHER_BUILT_PRODUCTS_DIR}/${PRODUCT_NAME}.embeddedframework/${EXECUTABLE_PATH}\" ]]\nthen\n    exit 0\nfi\n\n\n# Clean other platform if needed\n\nif [[ ! -f \"${BUILT_PRODUCTS_DIR}/${EXECUTABLE_PATH}\" ]]\nthen\n\techo \"Platform \\\"$UFW_SDK_PLATFORM\\\" was cleaned recently. Cleaning \\\"$UFW_OTHER_PLATFORM\\\" as well\"\n\techo xcodebuild -project \"${PROJECT_FILE_PATH}\" -target \"${TARGET_NAME}\" -configuration \"${CONFIGURATION}\" -sdk ${UFW_OTHER_PLATFORM}${UFW_SDK_VERSION} BUILD_DIR=\"${BUILD_DIR}\" CONFIGURATION_TEMP_DIR=\"${PROJECT_TEMP_DIR}/${CONFIGURATION}-${UFW_OTHER_PLATFORM}\" clean\n\txcodebuild -project \"${PROJECT_FILE_PATH}\" -target \"${TARGET_NAME}\" -configuration \"${CONFIGURATION}\" -sdk ${UFW_OTHER_PLATFORM}${UFW_SDK_VERSION} BUILD_DIR=\"${BUILD_DIR}\" CONFIGURATION_TEMP_DIR=\"${PROJECT_TEMP_DIR}/${CONFIGURATION}-${UFW_OTHER_PLATFORM}\" clean\nfi\n\n\n# Make sure we are building from fresh binaries\n\nrm -rf \"${BUILT_PRODUCTS_DIR}/${EXECUTABLE_PATH}\"\nrm -rf \"${BUILT_PRODUCTS_DIR}/${PRODUCT_NAME}.embeddedframework\"\nrm -rf \"${UFW_OTHER_BUILT_PRODUCTS_DIR}/${EXECUTABLE_PATH}\"\nrm -rf \"${UFW_OTHER_BUILT_PRODUCTS_DIR}/${PRODUCT_NAME}.embeddedframework\"\n";
		};
		BE4181C514B38C93000251A7 /* ShellScript */ = {
			isa = PBXShellScriptBuildPhase;
			buildActionMask = 2147483647;
			files = (
			);
			inputPaths = (
			);
			outputPaths = (
			);
			runOnlyForDeploymentPostprocessing = 0;
			shellPath = /bin/sh;
			shellScript = "set -e\n\nset +u\nif [[ $UFW_MASTER_SCRIPT_RUNNING ]]\nthen\n    # Nothing for the slave script to do\n    exit 0\nfi\nset -u\nexport UFW_MASTER_SCRIPT_RUNNING=1\n\n\n# Functions\n\n## List files in the specified directory, storing to the specified array.\n#\n# @param $1 The path to list\n# @param $2 The name of the array to fill\n#\n##\nlist_files ()\n{\n    filelist=$(ls \"$1\")\n    while read line\n    do\n        eval \"$2[\\${#$2[*]}]=\\\"\\$line\\\"\"\n    done <<< \"$filelist\"\n}\n\n\n# Sanity check\n\nif [[ ! -f \"${BUILT_PRODUCTS_DIR}/${EXECUTABLE_PATH}\" ]]\nthen\n    echo \"Framework target \\\"${TARGET_NAME}\\\" had no source files to build from. Make sure your source files have the correct target membership\"\n    exit 1\nfi\n\n\n# Gather information\n\nif [[ \"$SDK_NAME\" =~ ([A-Za-z]+) ]]\nthen\n    UFW_SDK_PLATFORM=${BASH_REMATCH[1]}\nelse\n    echo \"Could not find platform name from SDK_NAME: $SDK_NAME\"\n    exit 1\nfi\n\nif [[ \"$SDK_NAME\" =~ ([0-9]+.*$) ]]\nthen\n    UFW_SDK_VERSION=${BASH_REMATCH[1]}\nelse\n    echo \"Could not find sdk version from SDK_NAME: $SDK_NAME\"\n    exit 1\nfi\n\nif [[ \"$UFW_SDK_PLATFORM\" = \"iphoneos\" ]]\nthen\n    UFW_OTHER_PLATFORM=iphonesimulator\nelse\n    UFW_OTHER_PLATFORM=iphoneos\nfi\n\nif [[ \"$BUILT_PRODUCTS_DIR\" =~ (.*)$UFW_SDK_PLATFORM$ ]]\nthen\n    UFW_OTHER_BUILT_PRODUCTS_DIR=\"${BASH_REMATCH[1]}${UFW_OTHER_PLATFORM}\"\nelse\n    echo \"Could not find $UFW_SDK_PLATFORM in $BUILT_PRODUCTS_DIR\"\n    exit 1\nfi\n\n\n# Short-circuit if all binaries are up to date.\n# We already checked the other platform in the prerun script.\n\nif [[ -f \"${BUILT_PRODUCTS_DIR}/${EXECUTABLE_PATH}\" ]] && [[ -f \"${BUILT_PRODUCTS_DIR}/${PRODUCT_NAME}.embeddedframework/${EXECUTABLE_PATH}\" ]] && [[ ! \"${BUILT_PRODUCTS_DIR}/${EXECUTABLE_PATH}\" -nt \"${BUILT_PRODUCTS_DIR}/${PRODUCT_NAME}.embeddedframework/${EXECUTABLE_PATH}\" ]]\nthen\n    exit 0\nfi\n\n\n# Make sure the other platform gets built\n\necho \"Build other platform\"\n\necho xcodebuild -project \"${PROJECT_FILE_PATH}\" -target \"${TARGET_NAME}\" -configuration \"${CONFIGURATION}\" -sdk ${UFW_OTHER_PLATFORM}${UFW_SDK_VERSION} BUILD_DIR=\"${BUILD_DIR}\" CONFIGURATION_TEMP_DIR=\"${PROJECT_TEMP_DIR}/${CONFIGURATION}-${UFW_OTHER_PLATFORM}\" $ACTION\nxcodebuild -project \"${PROJECT_FILE_PATH}\" -target \"${TARGET_NAME}\" -configuration \"${CONFIGURATION}\" -sdk ${UFW_OTHER_PLATFORM}${UFW_SDK_VERSION} BUILD_DIR=\"${BUILD_DIR}\" CONFIGURATION_TEMP_DIR=\"${PROJECT_TEMP_DIR}/${CONFIGURATION}-${UFW_OTHER_PLATFORM}\" $ACTION\n\n\n# Build the fat static library binary\n\necho \"Create universal static library\"\n\necho \"$PLATFORM_DEVELOPER_BIN_DIR/libtool\" -static \"${BUILT_PRODUCTS_DIR}/${EXECUTABLE_PATH}\" \"${UFW_OTHER_BUILT_PRODUCTS_DIR}/${EXECUTABLE_PATH}\" -o \"${BUILT_PRODUCTS_DIR}/${EXECUTABLE_PATH}.temp\"\n\"$PLATFORM_DEVELOPER_BIN_DIR/libtool\" -static \"${BUILT_PRODUCTS_DIR}/${EXECUTABLE_PATH}\" \"${UFW_OTHER_BUILT_PRODUCTS_DIR}/${EXECUTABLE_PATH}\" -o \"${BUILT_PRODUCTS_DIR}/${EXECUTABLE_PATH}.temp\"\n\necho mv \"${BUILT_PRODUCTS_DIR}/${EXECUTABLE_PATH}.temp\" \"${BUILT_PRODUCTS_DIR}/${EXECUTABLE_PATH}\"\nmv \"${BUILT_PRODUCTS_DIR}/${EXECUTABLE_PATH}.temp\" \"${BUILT_PRODUCTS_DIR}/${EXECUTABLE_PATH}\"\n\n\n# Build framework structure\n\necho \"Build symlinks\"\n\necho ln -sf A \"${BUILT_PRODUCTS_DIR}/${WRAPPER_NAME}/Versions/Current\"\nln -sf A \"${BUILT_PRODUCTS_DIR}/${WRAPPER_NAME}/Versions/Current\"\necho ln -sf Versions/Current/Headers \"${BUILT_PRODUCTS_DIR}/${WRAPPER_NAME}/Headers\"\nln -sf Versions/Current/Headers \"${BUILT_PRODUCTS_DIR}/${WRAPPER_NAME}/Headers\"\necho ln -sf Versions/Current/Resources \"${BUILT_PRODUCTS_DIR}/${WRAPPER_NAME}/Resources\"\nln -sf Versions/Current/Resources \"${BUILT_PRODUCTS_DIR}/${WRAPPER_NAME}/Resources\"\necho ln -sf \"Versions/Current/${EXECUTABLE_NAME}\" \"${BUILT_PRODUCTS_DIR}/${WRAPPER_NAME}/${EXECUTABLE_NAME}\"\nln -sf \"Versions/Current/${EXECUTABLE_NAME}\" \"${BUILT_PRODUCTS_DIR}/${WRAPPER_NAME}/${EXECUTABLE_NAME}\"\n\n\n# Link to binary for unit tests\n\nmkdir -p \"${BUILT_PRODUCTS_DIR}/.fake_fw_testing.framework\"\nln -sf \"../${WRAPPER_NAME}/${EXECUTABLE_NAME}\" \"${BUILT_PRODUCTS_DIR}/.fake_fw_testing.framework/.fake_fw_testing\"\n\n\n# Build embedded framework structure\n\necho \"Build Embedded Framework\"\n\necho rm -rf \"${BUILT_PRODUCTS_DIR}/${PRODUCT_NAME}.embeddedframework\"\nrm -rf \"${BUILT_PRODUCTS_DIR}/${PRODUCT_NAME}.embeddedframework\"\necho mkdir -p \"${BUILT_PRODUCTS_DIR}/${PRODUCT_NAME}.embeddedframework/Resources\"\nmkdir -p \"${BUILT_PRODUCTS_DIR}/${PRODUCT_NAME}.embeddedframework/Resources\"\necho cp -a \"${BUILT_PRODUCTS_DIR}/${WRAPPER_NAME}\" \"${BUILT_PRODUCTS_DIR}/${PRODUCT_NAME}.embeddedframework/\"\ncp -a \"${BUILT_PRODUCTS_DIR}/${WRAPPER_NAME}\" \"${BUILT_PRODUCTS_DIR}/${PRODUCT_NAME}.embeddedframework/\"\n\ndeclare -a UFW_FILE_LIST\nlist_files \"${BUILT_PRODUCTS_DIR}/${UNLOCALIZED_RESOURCES_FOLDER_PATH}\" UFW_FILE_LIST\nfor filename in \"${UFW_FILE_LIST[@]}\"\ndo\n    if [[ \"${filename}\" != \"Info.plist\" ]] && [[ ! \"${filename}\" =~ .*\\.lproj$ ]]\n    then\n        echo ln -sf \"../${WRAPPER_NAME}/Resources/${filename}\" \"${BUILT_PRODUCTS_DIR}/${PRODUCT_NAME}.embeddedframework/Resources/${filename}\"\n        ln -sf \"../${WRAPPER_NAME}/Resources/${filename}\" \"${BUILT_PRODUCTS_DIR}/${PRODUCT_NAME}.embeddedframework/Resources/${filename}\"\n    fi\ndone\n\n\n# Replace other platform's framework with a copy of this one (so that both have the same universal binary)\n\necho \"Copy from $UFW_SDK_PLATFORM to $UFW_OTHER_PLATFORM\"\n\necho rm -rf \"${BUILD_DIR}/${CONFIGURATION}-${UFW_OTHER_PLATFORM}\"\nrm -rf \"${BUILD_DIR}/${CONFIGURATION}-${UFW_OTHER_PLATFORM}\"\necho cp -a \"${BUILD_DIR}/${CONFIGURATION}-${UFW_SDK_PLATFORM}\" \"${BUILD_DIR}/${CONFIGURATION}-${UFW_OTHER_PLATFORM}\"\ncp -a \"${BUILD_DIR}/${CONFIGURATION}-${UFW_SDK_PLATFORM}\" \"${BUILD_DIR}/${CONFIGURATION}-${UFW_OTHER_PLATFORM}\"\n";
		};
		BE4181D314B38C93000251A7 /* ShellScript */ = {
			isa = PBXShellScriptBuildPhase;
			buildActionMask = 2147483647;
			files = (
			);
			inputPaths = (
			);
			outputPaths = (
			);
			runOnlyForDeploymentPostprocessing = 0;
			shellPath = /bin/sh;
			shellScript = "# Run the unit tests in this test bundle.\n\"${SYSTEM_DEVELOPER_DIR}/Tools/RunUnitTests\"\n";
		};
/* End PBXShellScriptBuildPhase section */

/* Begin PBXSourcesBuildPhase section */
		BE4181C114B38C93000251A7 /* Sources */ = {
			isa = PBXSourcesBuildPhase;
			buildActionMask = 2147483647;
			files = (
				BE754E7814B3907F007F23B9 /* FormBuilder.m in Sources */,
				BE754E7B14B3907F007F23B9 /* FormField.m in Sources */,
				BE754E7E14B3907F007F23B9 /* FormField+TextFieldDelegate.m in Sources */,
				BE754E8114B3907F007F23B9 /* HTTPRequest.m in Sources */,
				BE754E8A14B3907F007F23B9 /* NSRegularExpression+helpers.m in Sources */,
				BE754E8D14B3907F007F23B9 /* NSTextCheckingResult+helpers.m in Sources */,
				BE754E9314B3907F007F23B9 /* UIControl+CaptureUIControlEvents.m in Sources */,
				BE754E9614B3907F007F23B9 /* UITableView+resize.m in Sources */,
			);
			runOnlyForDeploymentPostprocessing = 0;
		};
		BE4181D014B38C93000251A7 /* Sources */ = {
			isa = PBXSourcesBuildPhase;
			buildActionMask = 2147483647;
			files = (
				BE4181E814B38C93000251A7 /* DCAKitTests.m in Sources */,
				BE754E7914B3907F007F23B9 /* FormBuilder.m in Sources */,
				BE754E7C14B3907F007F23B9 /* FormField.m in Sources */,
				BE754E7F14B3907F007F23B9 /* FormField+TextFieldDelegate.m in Sources */,
				BE754E8214B3907F007F23B9 /* HTTPRequest.m in Sources */,
				BE754E8B14B3907F007F23B9 /* NSRegularExpression+helpers.m in Sources */,
				BE754E8E14B3907F007F23B9 /* NSTextCheckingResult+helpers.m in Sources */,
				BE754E9414B3907F007F23B9 /* UIControl+CaptureUIControlEvents.m in Sources */,
				BE754E9714B3907F007F23B9 /* UITableView+resize.m in Sources */,
			);
			runOnlyForDeploymentPostprocessing = 0;
		};
/* End PBXSourcesBuildPhase section */

/* Begin PBXTargetDependency section */
		BE4181DE14B38C93000251A7 /* PBXTargetDependency */ = {
			isa = PBXTargetDependency;
			target = BE4181C614B38C93000251A7 /* DCAKit */;
			targetProxy = BE4181DD14B38C93000251A7 /* PBXContainerItemProxy */;
		};
/* End PBXTargetDependency section */

/* Begin PBXVariantGroup section */
		BE4181CC14B38C93000251A7 /* InfoPlist.strings */ = {
			isa = PBXVariantGroup;
			children = (
				BE4181CD14B38C93000251A7 /* en */,
			);
			name = InfoPlist.strings;
			sourceTree = "<group>";
		};
		BE4181E314B38C93000251A7 /* InfoPlist.strings */ = {
			isa = PBXVariantGroup;
			children = (
				BE4181E414B38C93000251A7 /* en */,
			);
			name = InfoPlist.strings;
			sourceTree = "<group>";
		};
/* End PBXVariantGroup section */

/* Begin XCBuildConfiguration section */
		BE4181E914B38C93000251A7 /* Debug */ = {
			isa = XCBuildConfiguration;
			buildSettings = {
				ALWAYS_SEARCH_USER_PATHS = NO;
				ARCHS = "$(ARCHS_STANDARD_32_BIT)";
				CLANG_ENABLE_OBJC_ARC = YES;
				COPY_PHASE_STRIP = NO;
				GCC_C_LANGUAGE_STANDARD = gnu99;
				GCC_DYNAMIC_NO_PIC = NO;
				GCC_OPTIMIZATION_LEVEL = 0;
				GCC_PREPROCESSOR_DEFINITIONS = (
					DCA_DEBUG,
					"DEBUG=1",
					"$(inherited)",
				);
				GCC_SYMBOLS_PRIVATE_EXTERN = NO;
				GCC_VERSION = com.apple.compilers.llvm.clang.1_0;
				GCC_WARN_ABOUT_MISSING_PROTOTYPES = YES;
				GCC_WARN_ABOUT_RETURN_TYPE = YES;
				GCC_WARN_UNUSED_VARIABLE = YES;
				IPHONEOS_DEPLOYMENT_TARGET = 5.0;
				SDKROOT = iphoneos;
			};
			name = Debug;
		};
		BE4181EA14B38C93000251A7 /* Release */ = {
			isa = XCBuildConfiguration;
			buildSettings = {
				ALWAYS_SEARCH_USER_PATHS = NO;
				ARCHS = "$(ARCHS_STANDARD_32_BIT)";
				CLANG_ENABLE_OBJC_ARC = YES;
				COPY_PHASE_STRIP = YES;
				GCC_C_LANGUAGE_STANDARD = gnu99;
				GCC_PREPROCESSOR_DEFINITIONS = DCA_RELEASE;
				GCC_VERSION = com.apple.compilers.llvm.clang.1_0;
				GCC_WARN_ABOUT_MISSING_PROTOTYPES = YES;
				GCC_WARN_ABOUT_RETURN_TYPE = YES;
				GCC_WARN_UNUSED_VARIABLE = YES;
				IPHONEOS_DEPLOYMENT_TARGET = 5.0;
				SDKROOT = iphoneos;
				VALIDATE_PRODUCT = YES;
			};
			name = Release;
		};
		BE4181EC14B38C93000251A7 /* Debug */ = {
			isa = XCBuildConfiguration;
			buildSettings = {
				CONTENTS_FOLDER_PATH = "$(WRAPPER_NAME)/Versions/$(FRAMEWORK_VERSION)";
				DEAD_CODE_STRIPPING = NO;
				DEPLOYMENT_POSTPROCESSING = YES;
				DYLIB_COMPATIBILITY_VERSION = 1;
				DYLIB_CURRENT_VERSION = 1;
				FRAMEWORK_SEARCH_PATHS = (
					"$(inherited)",
					"\"$(SRCROOT)\"",
				);
				FRAMEWORK_VERSION = A;
				GCC_PRECOMPILE_PREFIX_HEADER = YES;
				GCC_PREFIX_HEADER = "DCAKit/DCAKit-Prefix.pch";
				INFOPLIST_FILE = "DCAKit/DCAKit-Info.plist";
				INFOPLIST_PATH = "$(UNLOCALIZED_RESOURCES_FOLDER_PATH)/Info.plist";
				INSTALL_PATH = "$(BUILT_PRODUCTS_DIR)";
				LINK_WITH_STANDARD_LIBRARIES = NO;
				MACH_O_TYPE = mh_object;
				PRODUCT_NAME = "$(TARGET_NAME)";
				SKIP_INSTALL = YES;
				UNLOCALIZED_RESOURCES_FOLDER_PATH = "$(CONTENTS_FOLDER_PATH)/Resources";
				WRAPPER_EXTENSION = framework;
			};
			name = Debug;
		};
		BE4181ED14B38C93000251A7 /* Release */ = {
			isa = XCBuildConfiguration;
			buildSettings = {
				CONTENTS_FOLDER_PATH = "$(WRAPPER_NAME)/Versions/$(FRAMEWORK_VERSION)";
				DEAD_CODE_STRIPPING = NO;
				DEPLOYMENT_POSTPROCESSING = YES;
				DYLIB_COMPATIBILITY_VERSION = 1;
				DYLIB_CURRENT_VERSION = 1;
				FRAMEWORK_SEARCH_PATHS = (
					"$(inherited)",
					"\"$(SRCROOT)\"",
				);
				FRAMEWORK_VERSION = A;
				GCC_PRECOMPILE_PREFIX_HEADER = YES;
				GCC_PREFIX_HEADER = "DCAKit/DCAKit-Prefix.pch";
				INFOPLIST_FILE = "DCAKit/DCAKit-Info.plist";
				INFOPLIST_PATH = "$(UNLOCALIZED_RESOURCES_FOLDER_PATH)/Info.plist";
				INSTALL_PATH = "$(BUILT_PRODUCTS_DIR)";
				LINK_WITH_STANDARD_LIBRARIES = NO;
				MACH_O_TYPE = mh_object;
				PRODUCT_NAME = "$(TARGET_NAME)";
				SKIP_INSTALL = YES;
				UNLOCALIZED_RESOURCES_FOLDER_PATH = "$(CONTENTS_FOLDER_PATH)/Resources";
				WRAPPER_EXTENSION = framework;
			};
			name = Release;
		};
		BE4181EF14B38C93000251A7 /* Debug */ = {
			isa = XCBuildConfiguration;
			buildSettings = {
				FRAMEWORK_SEARCH_PATHS = (
					"$(SDKROOT)/Developer/Library/Frameworks",
					"$(DEVELOPER_LIBRARY_DIR)/Frameworks",
					"\"$(SRCROOT)\"",
				);
				GCC_PRECOMPILE_PREFIX_HEADER = YES;
				GCC_PREFIX_HEADER = "DCAKit/DCAKit-Prefix.pch";
				GCC_PREPROCESSOR_DEFINITIONS = (
					DCA_UNITTEST,
					"DEBUG=1",
					"$(inherited)",
				);
				INFOPLIST_FILE = "DCAKitTests/DCAKitTests-Info.plist";
				OTHER_LDFLAGS = (
					"-framework",
					SenTestingKit,
					"-framework",
					.fake_fw_testing,
				);
				PRODUCT_NAME = "$(TARGET_NAME)";
				WRAPPER_EXTENSION = octest;
			};
			name = Debug;
		};
		BE4181F014B38C93000251A7 /* Release */ = {
			isa = XCBuildConfiguration;
			buildSettings = {
				FRAMEWORK_SEARCH_PATHS = (
					"$(SDKROOT)/Developer/Library/Frameworks",
					"$(DEVELOPER_LIBRARY_DIR)/Frameworks",
					"\"$(SRCROOT)\"",
				);
				GCC_PRECOMPILE_PREFIX_HEADER = YES;
				GCC_PREFIX_HEADER = "DCAKit/DCAKit-Prefix.pch";
				GCC_PREPROCESSOR_DEFINITIONS = DCA_UNITTEST;
				INFOPLIST_FILE = "DCAKitTests/DCAKitTests-Info.plist";
				OTHER_LDFLAGS = (
					"-framework",
					SenTestingKit,
					"-framework",
					.fake_fw_testing,
				);
				PRODUCT_NAME = "$(TARGET_NAME)";
				WRAPPER_EXTENSION = octest;
			};
			name = Release;
		};
/* End XCBuildConfiguration section */

/* Begin XCConfigurationList section */
		BE4181BE14B38C92000251A7 /* Build configuration list for PBXProject "DCAKit" */ = {
			isa = XCConfigurationList;
			buildConfigurations = (
				BE4181E914B38C93000251A7 /* Debug */,
				BE4181EA14B38C93000251A7 /* Release */,
			);
			defaultConfigurationIsVisible = 0;
			defaultConfigurationName = Release;
		};
		BE4181EB14B38C93000251A7 /* Build configuration list for PBXNativeTarget "DCAKit" */ = {
			isa = XCConfigurationList;
			buildConfigurations = (
				BE4181EC14B38C93000251A7 /* Debug */,
				BE4181ED14B38C93000251A7 /* Release */,
			);
			defaultConfigurationIsVisible = 0;
			defaultConfigurationName = Release;
		};
		BE4181EE14B38C93000251A7 /* Build configuration list for PBXNativeTarget "DCAKitTests" */ = {
			isa = XCConfigurationList;
			buildConfigurations = (
				BE4181EF14B38C93000251A7 /* Debug */,
				BE4181F014B38C93000251A7 /* Release */,
			);
			defaultConfigurationIsVisible = 0;
			defaultConfigurationName = Release;
		};
/* End XCConfigurationList section */
	};
	rootObject = BE4181BB14B38C92000251A7 /* Project object */;
}
