// !$*UTF8*$!
{
	archiveVersion = 1;
	classes = {
	};
	objectVersion = 46;
	objects = {

/* Begin PBXBuildFile section */
		3A139D6C1994A7C200AB0990 /* SwiftPortability.swift in Sources */ = {isa = PBXBuildFile; fileRef = 3A139D6B1994A7C200AB0990 /* SwiftPortability.swift */; };
		3A139DD61994AB5C00AB0990 /* DCAKit.h in Headers */ = {isa = PBXBuildFile; fileRef = 3A84833C16D5DBB200927A33 /* DCAKit.h */; settings = {ATTRIBUTES = (Public, ); }; };
		3A3C2FBB199587CA00F58257 /* NSURLSession+Synchronous.swift in Sources */ = {isa = PBXBuildFile; fileRef = 3A3C2FBA199587CA00F58257 /* NSURLSession+Synchronous.swift */; };
		3A3C2FC21995DB1500F58257 /* DCAPaperTrailSwiftSupport.swift in Sources */ = {isa = PBXBuildFile; fileRef = 3A3C2FC11995DB1500F58257 /* DCAPaperTrailSwiftSupport.swift */; };
		3A62176C19A886D4000AC9E1 /* DCAKit.framework in Frameworks */ = {isa = PBXBuildFile; fileRef = 3AFE4B96199171660067E69F /* DCAKit.framework */; };
		3AD678D319A8813E00AFE020 /* UIView+Autolayout.swift in Sources */ = {isa = PBXBuildFile; fileRef = 3AD678D219A8813E00AFE020 /* UIView+Autolayout.swift */; };
		3AD678D519A8815F00AFE020 /* AutolayoutTests.swift in Sources */ = {isa = PBXBuildFile; fileRef = 3AD678D419A8815F00AFE020 /* AutolayoutTests.swift */; };
		3AFE4BA5199171680067E69F /* DCAKitTests.swift in Sources */ = {isa = PBXBuildFile; fileRef = 3AFE4BA4199171680067E69F /* DCAKitTests.swift */; };
		3AFE4BB6199171750067E69F /* CGPointAdditions.m in Sources */ = {isa = PBXBuildFile; fileRef = 3AE43982185733720056F264 /* CGPointAdditions.m */; };
		3AFE4BB81991719F0067E69F /* UIView+JonathanMason.m in Sources */ = {isa = PBXBuildFile; fileRef = 3A43A9A3181EA854006BA2D3 /* UIView+JonathanMason.m */; };
		3AFE4BB91991719F0067E69F /* GCD+DCA.c in Sources */ = {isa = PBXBuildFile; fileRef = 3AAEC39B1817756B0036F1DE /* GCD+DCA.c */; };
		3AFE4BBB1991719F0067E69F /* DCAPaperTrail.m in Sources */ = {isa = PBXBuildFile; fileRef = 3A38C56A17FFF02600B93764 /* DCAPaperTrail.m */; };
		3AFE4BBC1991719F0067E69F /* NSMapTable+Literals.m in Sources */ = {isa = PBXBuildFile; fileRef = 3A84839716D61F0200927A33 /* NSMapTable+Literals.m */; };
		3AFE4BBD1991719F0067E69F /* NSObject+KVOHelp.m in Sources */ = {isa = PBXBuildFile; fileRef = 3A84838716D6035900927A33 /* NSObject+KVOHelp.m */; };
		3AFE4BBE1991719F0067E69F /* NSError+LessTerrible.m in Sources */ = {isa = PBXBuildFile; fileRef = 3A84837F16D5EA4A00927A33 /* NSError+LessTerrible.m */; };
		3AFE4BBF1991719F0067E69F /* DCASimpleKeychain.m in Sources */ = {isa = PBXBuildFile; fileRef = 3A84833016D5DB2200927A33 /* DCASimpleKeychain.m */; };
		3AFE4BC01991719F0067E69F /* NSRegularExpression+helpers.m in Sources */ = {isa = PBXBuildFile; fileRef = BE754E4914B3907F007F23B9 /* NSRegularExpression+helpers.m */; };
		3AFE4BC11991719F0067E69F /* NSTextCheckingResult+helpers.m in Sources */ = {isa = PBXBuildFile; fileRef = BE754E4B14B3907F007F23B9 /* NSTextCheckingResult+helpers.m */; };
		3AFE4BC4199171A50067E69F /* NSUserDefaults+DCA.m in Sources */ = {isa = PBXBuildFile; fileRef = 3AA0BBED184E13B7002C6AD4 /* NSUserDefaults+DCA.m */; };
		3AFE4BC5199171A90067E69F /* DCAAddressbookSerializer.m in Sources */ = {isa = PBXBuildFile; fileRef = 3AC918E9184C817B004726E4 /* DCAAddressbookSerializer.m */; };
		3AFE4BC6199172430067E69F /* DCAKitTests.m in Sources */ = {isa = PBXBuildFile; fileRef = 3AC91901184C8854004726E4 /* DCAKitTests.m */; };
		3AFE4C2D19917BD00067E69F /* DCASimpleKeychain.h in Headers */ = {isa = PBXBuildFile; fileRef = 3A84832F16D5DB2200927A33 /* DCASimpleKeychain.h */; settings = {ATTRIBUTES = (Public, ); }; };
		3AFE4C2E19917BD50067E69F /* NSError+LessTerrible.h in Headers */ = {isa = PBXBuildFile; fileRef = 3A84837E16D5EA4A00927A33 /* NSError+LessTerrible.h */; settings = {ATTRIBUTES = (Public, ); }; };
		3AFE4C2F19917BD80067E69F /* NSObject+KVOHelp.h in Headers */ = {isa = PBXBuildFile; fileRef = 3A84838616D6035900927A33 /* NSObject+KVOHelp.h */; settings = {ATTRIBUTES = (Public, ); }; };
		3AFE4C3019917BDF0067E69F /* NSMapTable+Literals.h in Headers */ = {isa = PBXBuildFile; fileRef = 3A84839616D61F0200927A33 /* NSMapTable+Literals.h */; settings = {ATTRIBUTES = (Public, ); }; };
		3AFE4C3119917BE20067E69F /* DCAPaperTrail.h in Headers */ = {isa = PBXBuildFile; fileRef = 3A38C56917FFF02600B93764 /* DCAPaperTrail.h */; settings = {ATTRIBUTES = (Public, ); }; };
		3AFE4C3319917BE90067E69F /* GCD+DCA.h in Headers */ = {isa = PBXBuildFile; fileRef = 3AAEC39D181775810036F1DE /* GCD+DCA.h */; settings = {ATTRIBUTES = (Public, ); }; };
		3AFE4C3419917BED0067E69F /* UIView+JonathanMason.h in Headers */ = {isa = PBXBuildFile; fileRef = 3A43A9A2181EA854006BA2D3 /* UIView+JonathanMason.h */; settings = {ATTRIBUTES = (Public, ); }; };
		3AFE4C3519917BF00067E69F /* DCAAddressbookSerializer.h in Headers */ = {isa = PBXBuildFile; fileRef = 3AC918E8184C817B004726E4 /* DCAAddressbookSerializer.h */; settings = {ATTRIBUTES = (Public, ); }; };
		3AFE4C3619917BF40067E69F /* DCAPaths.h in Headers */ = {isa = PBXBuildFile; fileRef = 3AA0BBE5184E0F8B002C6AD4 /* DCAPaths.h */; settings = {ATTRIBUTES = (Public, ); }; };
		3AFE4C3719917BF70067E69F /* NSUserDefaults+DCA.h in Headers */ = {isa = PBXBuildFile; fileRef = 3AA0BBEC184E13B7002C6AD4 /* NSUserDefaults+DCA.h */; settings = {ATTRIBUTES = (Public, ); }; };
		3AFE4C3819917BFA0067E69F /* CGPointAdditions.h in Headers */ = {isa = PBXBuildFile; fileRef = 3AE43984185733810056F264 /* CGPointAdditions.h */; settings = {ATTRIBUTES = (Public, ); }; };
/* End PBXBuildFile section */

/* Begin PBXFileReference section */
		3A139D6B1994A7C200AB0990 /* SwiftPortability.swift */ = {isa = PBXFileReference; fileEncoding = 4; lastKnownFileType = sourcecode.swift; path = SwiftPortability.swift; sourceTree = "<group>"; };
		3A38C56917FFF02600B93764 /* DCAPaperTrail.h */ = {isa = PBXFileReference; fileEncoding = 4; lastKnownFileType = sourcecode.c.h; path = DCAPaperTrail.h; sourceTree = "<group>"; };
		3A38C56A17FFF02600B93764 /* DCAPaperTrail.m */ = {isa = PBXFileReference; fileEncoding = 4; lastKnownFileType = sourcecode.c.objc; path = DCAPaperTrail.m; sourceTree = "<group>"; };
		3A3C2FBA199587CA00F58257 /* NSURLSession+Synchronous.swift */ = {isa = PBXFileReference; fileEncoding = 4; lastKnownFileType = sourcecode.swift; path = "NSURLSession+Synchronous.swift"; sourceTree = "<group>"; };
		3A3C2FC11995DB1500F58257 /* DCAPaperTrailSwiftSupport.swift */ = {isa = PBXFileReference; fileEncoding = 4; lastKnownFileType = sourcecode.swift; path = DCAPaperTrailSwiftSupport.swift; sourceTree = "<group>"; };
		3A43A9A2181EA854006BA2D3 /* UIView+JonathanMason.h */ = {isa = PBXFileReference; fileEncoding = 4; lastKnownFileType = sourcecode.c.h; path = "UIView+JonathanMason.h"; sourceTree = "<group>"; };
		3A43A9A3181EA854006BA2D3 /* UIView+JonathanMason.m */ = {isa = PBXFileReference; fileEncoding = 4; lastKnownFileType = sourcecode.c.objc; path = "UIView+JonathanMason.m"; sourceTree = "<group>"; };
		3A84832F16D5DB2200927A33 /* DCASimpleKeychain.h */ = {isa = PBXFileReference; fileEncoding = 4; lastKnownFileType = sourcecode.c.h; path = DCASimpleKeychain.h; sourceTree = "<group>"; };
		3A84833016D5DB2200927A33 /* DCASimpleKeychain.m */ = {isa = PBXFileReference; fileEncoding = 4; lastKnownFileType = sourcecode.c.objc; path = DCASimpleKeychain.m; sourceTree = "<group>"; };
		3A84833B16D5DBB200927A33 /* DCAKit-Prefix.pch */ = {isa = PBXFileReference; lastKnownFileType = sourcecode.c.h; path = "DCAKit-Prefix.pch"; sourceTree = "<group>"; };
		3A84833C16D5DBB200927A33 /* DCAKit.h */ = {isa = PBXFileReference; lastKnownFileType = sourcecode.c.h; path = DCAKit.h; sourceTree = "<group>"; };
		3A84837E16D5EA4A00927A33 /* NSError+LessTerrible.h */ = {isa = PBXFileReference; fileEncoding = 4; lastKnownFileType = sourcecode.c.h; path = "NSError+LessTerrible.h"; sourceTree = "<group>"; };
		3A84837F16D5EA4A00927A33 /* NSError+LessTerrible.m */ = {isa = PBXFileReference; fileEncoding = 4; lastKnownFileType = sourcecode.c.objc; path = "NSError+LessTerrible.m"; sourceTree = "<group>"; };
		3A84838616D6035900927A33 /* NSObject+KVOHelp.h */ = {isa = PBXFileReference; fileEncoding = 4; lastKnownFileType = sourcecode.c.h; path = "NSObject+KVOHelp.h"; sourceTree = "<group>"; };
		3A84838716D6035900927A33 /* NSObject+KVOHelp.m */ = {isa = PBXFileReference; fileEncoding = 4; lastKnownFileType = sourcecode.c.objc; path = "NSObject+KVOHelp.m"; sourceTree = "<group>"; };
		3A84839616D61F0200927A33 /* NSMapTable+Literals.h */ = {isa = PBXFileReference; fileEncoding = 4; lastKnownFileType = sourcecode.c.h; path = "NSMapTable+Literals.h"; sourceTree = "<group>"; };
		3A84839716D61F0200927A33 /* NSMapTable+Literals.m */ = {isa = PBXFileReference; fileEncoding = 4; lastKnownFileType = sourcecode.c.objc; path = "NSMapTable+Literals.m"; sourceTree = "<group>"; };
		3AA0BBE5184E0F8B002C6AD4 /* DCAPaths.h */ = {isa = PBXFileReference; fileEncoding = 4; lastKnownFileType = sourcecode.c.h; path = DCAPaths.h; sourceTree = "<group>"; };
		3AA0BBE6184E0F8B002C6AD4 /* DCAPaths.m */ = {isa = PBXFileReference; fileEncoding = 4; lastKnownFileType = sourcecode.c.objc; path = DCAPaths.m; sourceTree = "<group>"; };
		3AA0BBEC184E13B7002C6AD4 /* NSUserDefaults+DCA.h */ = {isa = PBXFileReference; fileEncoding = 4; lastKnownFileType = sourcecode.c.h; path = "NSUserDefaults+DCA.h"; sourceTree = "<group>"; };
		3AA0BBED184E13B7002C6AD4 /* NSUserDefaults+DCA.m */ = {isa = PBXFileReference; fileEncoding = 4; lastKnownFileType = sourcecode.c.objc; path = "NSUserDefaults+DCA.m"; sourceTree = "<group>"; };
		3AAEC39B1817756B0036F1DE /* GCD+DCA.c */ = {isa = PBXFileReference; fileEncoding = 4; lastKnownFileType = sourcecode.c.c; path = "GCD+DCA.c"; sourceTree = "<group>"; };
		3AAEC39D181775810036F1DE /* GCD+DCA.h */ = {isa = PBXFileReference; lastKnownFileType = sourcecode.c.h; path = "GCD+DCA.h"; sourceTree = "<group>"; };
		3AC918E8184C817B004726E4 /* DCAAddressbookSerializer.h */ = {isa = PBXFileReference; fileEncoding = 4; lastKnownFileType = sourcecode.c.h; path = DCAAddressbookSerializer.h; sourceTree = "<group>"; };
		3AC918E9184C817B004726E4 /* DCAAddressbookSerializer.m */ = {isa = PBXFileReference; fileEncoding = 4; lastKnownFileType = sourcecode.c.objc; path = DCAAddressbookSerializer.m; sourceTree = "<group>"; };
		3AC918EF184C87A4004726E4 /* XCTest.framework */ = {isa = PBXFileReference; lastKnownFileType = wrapper.framework; name = XCTest.framework; path = Library/Frameworks/XCTest.framework; sourceTree = DEVELOPER_DIR; };
		3AC918F1184C8823004726E4 /* Foundation.framework */ = {isa = PBXFileReference; lastKnownFileType = wrapper.framework; name = Foundation.framework; path = System/Library/Frameworks/Foundation.framework; sourceTree = SDKROOT; };
		3AC918FD184C8854004726E4 /* DCAKitTests-Info.plist */ = {isa = PBXFileReference; lastKnownFileType = text.plist.xml; path = "DCAKitTests-Info.plist"; sourceTree = "<group>"; };
		3AC918FF184C8854004726E4 /* en */ = {isa = PBXFileReference; lastKnownFileType = text.plist.strings; name = en; path = en.lproj/InfoPlist.strings; sourceTree = "<group>"; };
		3AC91901184C8854004726E4 /* DCAKitTests.m */ = {isa = PBXFileReference; lastKnownFileType = sourcecode.c.objc; path = DCAKitTests.m; sourceTree = "<group>"; };
		3AC91903184C8854004726E4 /* DCAKitTests-Prefix.pch */ = {isa = PBXFileReference; lastKnownFileType = sourcecode.c.h; path = "DCAKitTests-Prefix.pch"; sourceTree = "<group>"; };
		3AD678D219A8813E00AFE020 /* UIView+Autolayout.swift */ = {isa = PBXFileReference; fileEncoding = 4; lastKnownFileType = sourcecode.swift; path = "UIView+Autolayout.swift"; sourceTree = "<group>"; };
		3AD678D419A8815F00AFE020 /* AutolayoutTests.swift */ = {isa = PBXFileReference; fileEncoding = 4; lastKnownFileType = sourcecode.swift; path = AutolayoutTests.swift; sourceTree = "<group>"; };
		3AE43982185733720056F264 /* CGPointAdditions.m */ = {isa = PBXFileReference; fileEncoding = 4; lastKnownFileType = sourcecode.c.objc; path = CGPointAdditions.m; sourceTree = "<group>"; };
		3AE43984185733810056F264 /* CGPointAdditions.h */ = {isa = PBXFileReference; lastKnownFileType = sourcecode.c.h; path = CGPointAdditions.h; sourceTree = "<group>"; };
		3AFC331F184C8DE4007B1118 /* CoreGraphics.framework */ = {isa = PBXFileReference; lastKnownFileType = wrapper.framework; name = CoreGraphics.framework; path = System/Library/Frameworks/CoreGraphics.framework; sourceTree = SDKROOT; };
		3AFC3322184C8DE4007B1118 /* CoreData.framework */ = {isa = PBXFileReference; lastKnownFileType = wrapper.framework; name = CoreData.framework; path = System/Library/Frameworks/CoreData.framework; sourceTree = SDKROOT; };
		3AFE4B96199171660067E69F /* DCAKit.framework */ = {isa = PBXFileReference; explicitFileType = wrapper.framework; includeInIndex = 0; path = DCAKit.framework; sourceTree = BUILT_PRODUCTS_DIR; };
		3AFE4B99199171670067E69F /* Info.plist */ = {isa = PBXFileReference; lastKnownFileType = text.plist.xml; path = Info.plist; sourceTree = "<group>"; };
		3AFE4BA0199171670067E69F /* DCAKitTests.xctest */ = {isa = PBXFileReference; explicitFileType = wrapper.cfbundle; includeInIndex = 0; path = DCAKitTests.xctest; sourceTree = BUILT_PRODUCTS_DIR; };
		3AFE4BA3199171680067E69F /* Info.plist */ = {isa = PBXFileReference; lastKnownFileType = text.plist.xml; path = Info.plist; sourceTree = "<group>"; };
		3AFE4BA4199171680067E69F /* DCAKitTests.swift */ = {isa = PBXFileReference; lastKnownFileType = sourcecode.swift; path = DCAKitTests.swift; sourceTree = "<group>"; };
		BE4181D914B38C93000251A7 /* UIKit.framework */ = {isa = PBXFileReference; lastKnownFileType = wrapper.framework; name = UIKit.framework; path = Library/Frameworks/UIKit.framework; sourceTree = DEVELOPER_DIR; };
		BE4181DB14B38C93000251A7 /* Foundation.framework */ = {isa = PBXFileReference; lastKnownFileType = wrapper.framework; name = Foundation.framework; path = Library/Frameworks/Foundation.framework; sourceTree = DEVELOPER_DIR; };
		BE754E4814B3907F007F23B9 /* NSRegularExpression+helpers.h */ = {isa = PBXFileReference; fileEncoding = 4; lastKnownFileType = sourcecode.c.h; name = "NSRegularExpression+helpers.h"; path = "DCAKit/NSRegularExpression+helpers.h"; sourceTree = SOURCE_ROOT; };
		BE754E4914B3907F007F23B9 /* NSRegularExpression+helpers.m */ = {isa = PBXFileReference; fileEncoding = 4; lastKnownFileType = sourcecode.c.objc; name = "NSRegularExpression+helpers.m"; path = "DCAKit/NSRegularExpression+helpers.m"; sourceTree = SOURCE_ROOT; };
		BE754E4A14B3907F007F23B9 /* NSTextCheckingResult+helpers.h */ = {isa = PBXFileReference; fileEncoding = 4; lastKnownFileType = sourcecode.c.h; name = "NSTextCheckingResult+helpers.h"; path = "DCAKit/NSTextCheckingResult+helpers.h"; sourceTree = SOURCE_ROOT; };
		BE754E4B14B3907F007F23B9 /* NSTextCheckingResult+helpers.m */ = {isa = PBXFileReference; fileEncoding = 4; lastKnownFileType = sourcecode.c.objc; name = "NSTextCheckingResult+helpers.m"; path = "DCAKit/NSTextCheckingResult+helpers.m"; sourceTree = SOURCE_ROOT; };
/* End PBXFileReference section */

/* Begin PBXFrameworksBuildPhase section */
		3AFE4B92199171660067E69F /* Frameworks */ = {
			isa = PBXFrameworksBuildPhase;
			buildActionMask = 2147483647;
			files = (
			);
			runOnlyForDeploymentPostprocessing = 0;
		};
		3AFE4B9D199171670067E69F /* Frameworks */ = {
			isa = PBXFrameworksBuildPhase;
			buildActionMask = 2147483647;
			files = (
				3A62176C19A886D4000AC9E1 /* DCAKit.framework in Frameworks */,
			);
			runOnlyForDeploymentPostprocessing = 0;
		};
/* End PBXFrameworksBuildPhase section */

/* Begin PBXGroup section */
		3A139D6A1994A7B600AB0990 /* SwiftPortability */ = {
			isa = PBXGroup;
			children = (
				3A139D6B1994A7C200AB0990 /* SwiftPortability.swift */,
			);
			name = SwiftPortability;
			sourceTree = "<group>";
		};
		3A20853318020EF80017A0A6 /* AutoLayout */ = {
			isa = PBXGroup;
			children = (
				3AD678D219A8813E00AFE020 /* UIView+Autolayout.swift */,
			);
			name = AutoLayout;
			sourceTree = "<group>";
		};
		3A38C56817FFF01200B93764 /* PaperTrail */ = {
			isa = PBXGroup;
			children = (
				3A38C56917FFF02600B93764 /* DCAPaperTrail.h */,
				3A38C56A17FFF02600B93764 /* DCAPaperTrail.m */,
				3A3C2FC11995DB1500F58257 /* DCAPaperTrailSwiftSupport.swift */,
			);
			name = PaperTrail;
			sourceTree = "<group>";
		};
		3A3C2FB9199587BB00F58257 /* NSURLSession */ = {
			isa = PBXGroup;
			children = (
				3A3C2FBA199587CA00F58257 /* NSURLSession+Synchronous.swift */,
			);
			name = NSURLSession;
			sourceTree = "<group>";
		};
		3A43A9A1181EA827006BA2D3 /* JonathanMason */ = {
			isa = PBXGroup;
			children = (
				3A43A9A2181EA854006BA2D3 /* UIView+JonathanMason.h */,
				3A43A9A3181EA854006BA2D3 /* UIView+JonathanMason.m */,
			);
			name = JonathanMason;
			sourceTree = "<group>";
		};
		3A84833916D5DBB200927A33 /* DCAKit */ = {
			isa = PBXGroup;
			children = (
				3A3C2FB9199587BB00F58257 /* NSURLSession */,
				3A139D6A1994A7B600AB0990 /* SwiftPortability */,
				3AE43981185733610056F264 /* Foundation */,
				3AA0BBEB184E13A6002C6AD4 /* NSUserDefaults */,
				3AA0BBE9184E0F93002C6AD4 /* Paths */,
				3AA0BBE4184E0F77002C6AD4 /* AddressBook */,
				3A43A9A1181EA827006BA2D3 /* JonathanMason */,
				3AAEC39A181775520036F1DE /* GCD */,
				3A20853318020EF80017A0A6 /* AutoLayout */,
				3A38C56817FFF01200B93764 /* PaperTrail */,
				3A84839516D61EF300927A33 /* NSMapTable */,
				3A84838516D6034C00927A33 /* KVOHelp */,
				3A84837D16D5EA3A00927A33 /* NSError */,
				3A84837C16D5EA0D00927A33 /* DCASimpleKeychain */,
				3A84837B16D5E9FD00927A33 /* NSRegularExpression */,
				3A84833C16D5DBB200927A33 /* DCAKit.h */,
				3A84833A16D5DBB200927A33 /* Supporting Files */,
			);
			path = DCAKit;
			sourceTree = "<group>";
		};
		3A84833A16D5DBB200927A33 /* Supporting Files */ = {
			isa = PBXGroup;
			children = (
				3AFE4B99199171670067E69F /* Info.plist */,
				3A84833B16D5DBB200927A33 /* DCAKit-Prefix.pch */,
			);
			name = "Supporting Files";
			sourceTree = "<group>";
		};
		3A84837B16D5E9FD00927A33 /* NSRegularExpression */ = {
			isa = PBXGroup;
			children = (
				BE754E4814B3907F007F23B9 /* NSRegularExpression+helpers.h */,
				BE754E4914B3907F007F23B9 /* NSRegularExpression+helpers.m */,
				BE754E4A14B3907F007F23B9 /* NSTextCheckingResult+helpers.h */,
				BE754E4B14B3907F007F23B9 /* NSTextCheckingResult+helpers.m */,
			);
			name = NSRegularExpression;
			sourceTree = "<group>";
		};
		3A84837C16D5EA0D00927A33 /* DCASimpleKeychain */ = {
			isa = PBXGroup;
			children = (
				3A84832F16D5DB2200927A33 /* DCASimpleKeychain.h */,
				3A84833016D5DB2200927A33 /* DCASimpleKeychain.m */,
			);
			name = DCASimpleKeychain;
			sourceTree = "<group>";
		};
		3A84837D16D5EA3A00927A33 /* NSError */ = {
			isa = PBXGroup;
			children = (
				3A84837E16D5EA4A00927A33 /* NSError+LessTerrible.h */,
				3A84837F16D5EA4A00927A33 /* NSError+LessTerrible.m */,
			);
			name = NSError;
			sourceTree = "<group>";
		};
		3A84838516D6034C00927A33 /* KVOHelp */ = {
			isa = PBXGroup;
			children = (
				3A84838616D6035900927A33 /* NSObject+KVOHelp.h */,
				3A84838716D6035900927A33 /* NSObject+KVOHelp.m */,
			);
			name = KVOHelp;
			sourceTree = "<group>";
		};
		3A84839516D61EF300927A33 /* NSMapTable */ = {
			isa = PBXGroup;
			children = (
				3A84839616D61F0200927A33 /* NSMapTable+Literals.h */,
				3A84839716D61F0200927A33 /* NSMapTable+Literals.m */,
			);
			name = NSMapTable;
			sourceTree = "<group>";
		};
		3AA0BBE4184E0F77002C6AD4 /* AddressBook */ = {
			isa = PBXGroup;
			children = (
				3AC918E8184C817B004726E4 /* DCAAddressbookSerializer.h */,
				3AC918E9184C817B004726E4 /* DCAAddressbookSerializer.m */,
			);
			name = AddressBook;
			sourceTree = "<group>";
		};
		3AA0BBE9184E0F93002C6AD4 /* Paths */ = {
			isa = PBXGroup;
			children = (
				3AA0BBE5184E0F8B002C6AD4 /* DCAPaths.h */,
				3AA0BBE6184E0F8B002C6AD4 /* DCAPaths.m */,
			);
			name = Paths;
			sourceTree = "<group>";
		};
		3AA0BBEB184E13A6002C6AD4 /* NSUserDefaults */ = {
			isa = PBXGroup;
			children = (
				3AA0BBEC184E13B7002C6AD4 /* NSUserDefaults+DCA.h */,
				3AA0BBED184E13B7002C6AD4 /* NSUserDefaults+DCA.m */,
			);
			name = NSUserDefaults;
			sourceTree = "<group>";
		};
		3AAEC39A181775520036F1DE /* GCD */ = {
			isa = PBXGroup;
			children = (
				3AAEC39D181775810036F1DE /* GCD+DCA.h */,
				3AAEC39B1817756B0036F1DE /* GCD+DCA.c */,
			);
			name = GCD;
			sourceTree = "<group>";
		};
		3AC918FB184C8854004726E4 /* DCAKitTests */ = {
			isa = PBXGroup;
			children = (
				3AC91901184C8854004726E4 /* DCAKitTests.m */,
				3AC918FC184C8854004726E4 /* Supporting Files */,
			);
			path = DCAKitTests;
			sourceTree = "<group>";
		};
		3AC918FC184C8854004726E4 /* Supporting Files */ = {
			isa = PBXGroup;
			children = (
				3AC918FD184C8854004726E4 /* DCAKitTests-Info.plist */,
				3AC918FE184C8854004726E4 /* InfoPlist.strings */,
				3AC91903184C8854004726E4 /* DCAKitTests-Prefix.pch */,
			);
			name = "Supporting Files";
			sourceTree = "<group>";
		};
		3AE43981185733610056F264 /* Foundation */ = {
			isa = PBXGroup;
			children = (
				3AE43982185733720056F264 /* CGPointAdditions.m */,
				3AE43984185733810056F264 /* CGPointAdditions.h */,
			);
			name = Foundation;
			sourceTree = "<group>";
		};
		3AFE4BA1199171680067E69F /* DCAKitTests */ = {
			isa = PBXGroup;
			children = (
				3AFE4BA4199171680067E69F /* DCAKitTests.swift */,
				3AFE4BA2199171680067E69F /* Supporting Files */,
				3AD678D419A8815F00AFE020 /* AutolayoutTests.swift */,
			);
			path = DCAKitTests;
			sourceTree = "<group>";
		};
		3AFE4BA2199171680067E69F /* Supporting Files */ = {
			isa = PBXGroup;
			children = (
				3AFE4BA3199171680067E69F /* Info.plist */,
			);
			name = "Supporting Files";
			sourceTree = "<group>";
		};
		BE4181B914B38C92000251A7 = {
			isa = PBXGroup;
			children = (
				3A84833916D5DBB200927A33 /* DCAKit */,
				3AC918FB184C8854004726E4 /* DCAKitTests */,
				3AFE4BA1199171680067E69F /* DCAKitTests */,
				BE4181D614B38C93000251A7 /* Frameworks */,
				BE4181C814B38C93000251A7 /* Products */,
			);
			sourceTree = "<group>";
		};
		BE4181C814B38C93000251A7 /* Products */ = {
			isa = PBXGroup;
			children = (
				3AFE4B96199171660067E69F /* DCAKit.framework */,
				3AFE4BA0199171670067E69F /* DCAKitTests.xctest */,
			);
			name = Products;
			sourceTree = "<group>";
		};
		BE4181D614B38C93000251A7 /* Frameworks */ = {
			isa = PBXGroup;
			children = (
				3AC918F1184C8823004726E4 /* Foundation.framework */,
				3AC918EF184C87A4004726E4 /* XCTest.framework */,
				BE4181D914B38C93000251A7 /* UIKit.framework */,
				BE4181DB14B38C93000251A7 /* Foundation.framework */,
				3AFC331F184C8DE4007B1118 /* CoreGraphics.framework */,
				3AFC3322184C8DE4007B1118 /* CoreData.framework */,
			);
			name = Frameworks;
			sourceTree = "<group>";
		};
/* End PBXGroup section */

/* Begin PBXHeadersBuildPhase section */
		3AFE4B93199171660067E69F /* Headers */ = {
			isa = PBXHeadersBuildPhase;
			buildActionMask = 2147483647;
			files = (
				3AFE4C3619917BF40067E69F /* DCAPaths.h in Headers */,
				3AFE4C2F19917BD80067E69F /* NSObject+KVOHelp.h in Headers */,
				3AFE4C3419917BED0067E69F /* UIView+JonathanMason.h in Headers */,
				3AFE4C3519917BF00067E69F /* DCAAddressbookSerializer.h in Headers */,
				3AFE4C3019917BDF0067E69F /* NSMapTable+Literals.h in Headers */,
				3AFE4C2E19917BD50067E69F /* NSError+LessTerrible.h in Headers */,
				3AFE4C3319917BE90067E69F /* GCD+DCA.h in Headers */,
				3AFE4C2D19917BD00067E69F /* DCASimpleKeychain.h in Headers */,
				3AFE4C3719917BF70067E69F /* NSUserDefaults+DCA.h in Headers */,
				3AFE4C3119917BE20067E69F /* DCAPaperTrail.h in Headers */,
				3AFE4C3819917BFA0067E69F /* CGPointAdditions.h in Headers */,
				3A139DD61994AB5C00AB0990 /* DCAKit.h in Headers */,
			);
			runOnlyForDeploymentPostprocessing = 0;
		};
/* End PBXHeadersBuildPhase section */

/* Begin PBXNativeTarget section */
		3AFE4B95199171660067E69F /* DCAKit */ = {
			isa = PBXNativeTarget;
			buildConfigurationList = 3AFE4BA6199171680067E69F /* Build configuration list for PBXNativeTarget "DCAKit" */;
			buildPhases = (
				3AFE4B91199171660067E69F /* Sources */,
				3AFE4B92199171660067E69F /* Frameworks */,
				3AFE4B93199171660067E69F /* Headers */,
				3AFE4B94199171660067E69F /* Resources */,
			);
			buildRules = (
			);
			dependencies = (
			);
			name = DCAKit;
			productName = DCAKit;
			productReference = 3AFE4B96199171660067E69F /* DCAKit.framework */;
			productType = "com.apple.product-type.framework";
		};
		3AFE4B9F199171670067E69F /* DCAKitTests */ = {
			isa = PBXNativeTarget;
			buildConfigurationList = 3AFE4BAE199171680067E69F /* Build configuration list for PBXNativeTarget "DCAKitTests" */;
			buildPhases = (
				3AFE4B9C199171670067E69F /* Sources */,
				3AFE4B9D199171670067E69F /* Frameworks */,
				3AFE4B9E199171670067E69F /* Resources */,
			);
			buildRules = (
			);
			dependencies = (
			);
			name = DCAKitTests;
			productName = DCAKitTests;
			productReference = 3AFE4BA0199171670067E69F /* DCAKitTests.xctest */;
			productType = "com.apple.product-type.bundle.unit-test";
		};
/* End PBXNativeTarget section */

/* Begin PBXProject section */
		BE4181BB14B38C92000251A7 /* Project object */ = {
			isa = PBXProject;
			attributes = {
				CLASSPREFIX = DCA;
				LastUpgradeCheck = 0600;
				ORGANIZATIONNAME = DrewCrawfordApps;
				TargetAttributes = {
					3AFE4B95199171660067E69F = {
						CreatedOnToolsVersion = 6.0;
					};
					3AFE4B9F199171670067E69F = {
						CreatedOnToolsVersion = 6.0;
					};
				};
			};
			buildConfigurationList = BE4181BE14B38C92000251A7 /* Build configuration list for PBXProject "DCAKit" */;
			compatibilityVersion = "Xcode 3.2";
			developmentRegion = English;
			hasScannedForEncodings = 0;
			knownRegions = (
				en,
			);
			mainGroup = BE4181B914B38C92000251A7;
			productRefGroup = BE4181C814B38C93000251A7 /* Products */;
			projectDirPath = "";
			projectRoot = "";
			targets = (
				3AFE4B95199171660067E69F /* DCAKit */,
				3AFE4B9F199171670067E69F /* DCAKitTests */,
			);
		};
/* End PBXProject section */

/* Begin PBXResourcesBuildPhase section */
		3AFE4B94199171660067E69F /* Resources */ = {
			isa = PBXResourcesBuildPhase;
			buildActionMask = 2147483647;
			files = (
			);
			runOnlyForDeploymentPostprocessing = 0;
		};
		3AFE4B9E199171670067E69F /* Resources */ = {
			isa = PBXResourcesBuildPhase;
			buildActionMask = 2147483647;
			files = (
			);
			runOnlyForDeploymentPostprocessing = 0;
		};
/* End PBXResourcesBuildPhase section */

/* Begin PBXSourcesBuildPhase section */
		3AFE4B91199171660067E69F /* Sources */ = {
			isa = PBXSourcesBuildPhase;
			buildActionMask = 2147483647;
			files = (
				3A3C2FC21995DB1500F58257 /* DCAPaperTrailSwiftSupport.swift in Sources */,
				3AFE4BC5199171A90067E69F /* DCAAddressbookSerializer.m in Sources */,
				3AFE4BC4199171A50067E69F /* NSUserDefaults+DCA.m in Sources */,
				3AFE4BB81991719F0067E69F /* UIView+JonathanMason.m in Sources */,
				3AFE4BB91991719F0067E69F /* GCD+DCA.c in Sources */,
				3AFE4BBB1991719F0067E69F /* DCAPaperTrail.m in Sources */,
				3AFE4BBC1991719F0067E69F /* NSMapTable+Literals.m in Sources */,
				3AFE4BBD1991719F0067E69F /* NSObject+KVOHelp.m in Sources */,
				3A139D6C1994A7C200AB0990 /* SwiftPortability.swift in Sources */,
				3AFE4BBE1991719F0067E69F /* NSError+LessTerrible.m in Sources */,
				3A3C2FBB199587CA00F58257 /* NSURLSession+Synchronous.swift in Sources */,
				3AFE4BBF1991719F0067E69F /* DCASimpleKeychain.m in Sources */,
				3AFE4BC01991719F0067E69F /* NSRegularExpression+helpers.m in Sources */,
				3AD678D319A8813E00AFE020 /* UIView+Autolayout.swift in Sources */,
				3AFE4BC11991719F0067E69F /* NSTextCheckingResult+helpers.m in Sources */,
				3AFE4BB6199171750067E69F /* CGPointAdditions.m in Sources */,
			);
			runOnlyForDeploymentPostprocessing = 0;
		};
		3AFE4B9C199171670067E69F /* Sources */ = {
			isa = PBXSourcesBuildPhase;
			buildActionMask = 2147483647;
			files = (
				3AD678D519A8815F00AFE020 /* AutolayoutTests.swift in Sources */,
				3AFE4BA5199171680067E69F /* DCAKitTests.swift in Sources */,
				3AFE4BC6199172430067E69F /* DCAKitTests.m in Sources */,
			);
			runOnlyForDeploymentPostprocessing = 0;
		};
/* End PBXSourcesBuildPhase section */

/* Begin PBXVariantGroup section */
		3AC918FE184C8854004726E4 /* InfoPlist.strings */ = {
			isa = PBXVariantGroup;
			children = (
				3AC918FF184C8854004726E4 /* en */,
			);
			name = InfoPlist.strings;
			sourceTree = "<group>";
		};
/* End PBXVariantGroup section */

/* Begin XCBuildConfiguration section */
		3A38C56E17FFFC3200B93764 /* Debug-Production-Backend */ = {
			isa = XCBuildConfiguration;
			buildSettings = {
				ALWAYS_SEARCH_USER_PATHS = NO;
				CLANG_ENABLE_MODULES = YES;
				CLANG_ENABLE_OBJC_ARC = YES;
				CLANG_WARN_BOOL_CONVERSION = YES;
				CLANG_WARN_CONSTANT_CONVERSION = YES;
				CLANG_WARN_DIRECT_OBJC_ISA_USAGE = YES_ERROR;
				CLANG_WARN_EMPTY_BODY = YES;
				CLANG_WARN_ENUM_CONVERSION = YES;
				CLANG_WARN_INT_CONVERSION = YES;
				CLANG_WARN_OBJC_ROOT_CLASS = YES_ERROR;
				CLANG_WARN_UNREACHABLE_CODE = YES;
				CLANG_WARN__DUPLICATE_METHOD_MATCH = YES;
				COPY_PHASE_STRIP = NO;
				ENABLE_STRICT_OBJC_MSGSEND = YES;
				GCC_C_LANGUAGE_STANDARD = gnu99;
				GCC_DYNAMIC_NO_PIC = NO;
				GCC_OPTIMIZATION_LEVEL = 0;
				GCC_PREPROCESSOR_DEFINITIONS = (
					DCA_DEBUG,
					"DEBUG=1",
					"$(inherited)",
				);
				GCC_SYMBOLS_PRIVATE_EXTERN = NO;
				GCC_VERSION = com.apple.compilers.llvm.clang.1_0;
				GCC_WARN_64_TO_32_BIT_CONVERSION = YES;
				GCC_WARN_ABOUT_MISSING_PROTOTYPES = YES;
				GCC_WARN_ABOUT_RETURN_TYPE = YES_ERROR;
				GCC_WARN_UNDECLARED_SELECTOR = YES;
				GCC_WARN_UNINITIALIZED_AUTOS = YES;
				GCC_WARN_UNUSED_FUNCTION = YES;
				GCC_WARN_UNUSED_VARIABLE = YES;
				HEADER_SEARCH_PATHS = (
					"$(BUILD_ROOT)/../IntermediateBuildFilesPath/UninstalledProducts/include",
					"$(inherited)",
				);
				IPHONEOS_DEPLOYMENT_TARGET = 7.0;
				OTHER_LDFLAGS = "-ObjC";
				SDKROOT = iphoneos;
			};
			name = "Debug-Production-Backend";
		};
		3A38C6AD1800CC2300B93764 /* Release-Live-Beta */ = {
			isa = XCBuildConfiguration;
			buildSettings = {
				ALWAYS_SEARCH_USER_PATHS = NO;
				CLANG_ENABLE_MODULES = YES;
				CLANG_ENABLE_OBJC_ARC = YES;
				CLANG_WARN_BOOL_CONVERSION = YES;
				CLANG_WARN_CONSTANT_CONVERSION = YES;
				CLANG_WARN_DIRECT_OBJC_ISA_USAGE = YES_ERROR;
				CLANG_WARN_EMPTY_BODY = YES;
				CLANG_WARN_ENUM_CONVERSION = YES;
				CLANG_WARN_INT_CONVERSION = YES;
				CLANG_WARN_OBJC_ROOT_CLASS = YES_ERROR;
				CLANG_WARN_UNREACHABLE_CODE = YES;
				CLANG_WARN__DUPLICATE_METHOD_MATCH = YES;
				COPY_PHASE_STRIP = YES;
				ENABLE_STRICT_OBJC_MSGSEND = YES;
				GCC_C_LANGUAGE_STANDARD = gnu99;
				GCC_PREPROCESSOR_DEFINITIONS = DCA_RELEASE;
				GCC_VERSION = com.apple.compilers.llvm.clang.1_0;
				GCC_WARN_64_TO_32_BIT_CONVERSION = YES;
				GCC_WARN_ABOUT_MISSING_PROTOTYPES = YES;
				GCC_WARN_ABOUT_RETURN_TYPE = YES_ERROR;
				GCC_WARN_UNDECLARED_SELECTOR = YES;
				GCC_WARN_UNINITIALIZED_AUTOS = YES;
				GCC_WARN_UNUSED_FUNCTION = YES;
				GCC_WARN_UNUSED_VARIABLE = YES;
				HEADER_SEARCH_PATHS = (
					"$(BUILD_ROOT)/../IntermediateBuildFilesPath/UninstalledProducts/include",
					"$(inherited)",
				);
				IPHONEOS_DEPLOYMENT_TARGET = 7.0;
				OTHER_LDFLAGS = "-ObjC";
				SDKROOT = iphoneos;
				VALIDATE_PRODUCT = YES;
			};
			name = "Release-Live-Beta";
		};
		3A6C1109183CD7B7004702AC /* AppStore */ = {
			isa = XCBuildConfiguration;
			buildSettings = {
				ALWAYS_SEARCH_USER_PATHS = NO;
				CLANG_ENABLE_MODULES = YES;
				CLANG_ENABLE_OBJC_ARC = YES;
				CLANG_WARN_BOOL_CONVERSION = YES;
				CLANG_WARN_CONSTANT_CONVERSION = YES;
				CLANG_WARN_DIRECT_OBJC_ISA_USAGE = YES_ERROR;
				CLANG_WARN_EMPTY_BODY = YES;
				CLANG_WARN_ENUM_CONVERSION = YES;
				CLANG_WARN_INT_CONVERSION = YES;
				CLANG_WARN_OBJC_ROOT_CLASS = YES_ERROR;
				CLANG_WARN_UNREACHABLE_CODE = YES;
				CLANG_WARN__DUPLICATE_METHOD_MATCH = YES;
				COPY_PHASE_STRIP = YES;
				ENABLE_STRICT_OBJC_MSGSEND = YES;
				GCC_C_LANGUAGE_STANDARD = gnu99;
				GCC_PREPROCESSOR_DEFINITIONS = DCA_RELEASE;
				GCC_VERSION = com.apple.compilers.llvm.clang.1_0;
				GCC_WARN_64_TO_32_BIT_CONVERSION = YES;
				GCC_WARN_ABOUT_MISSING_PROTOTYPES = YES;
				GCC_WARN_ABOUT_RETURN_TYPE = YES_ERROR;
				GCC_WARN_UNDECLARED_SELECTOR = YES;
				GCC_WARN_UNINITIALIZED_AUTOS = YES;
				GCC_WARN_UNUSED_FUNCTION = YES;
				GCC_WARN_UNUSED_VARIABLE = YES;
				HEADER_SEARCH_PATHS = (
					"$(BUILD_ROOT)/../IntermediateBuildFilesPath/UninstalledProducts/include",
					"$(inherited)",
				);
				IPHONEOS_DEPLOYMENT_TARGET = 7.0;
				OTHER_LDFLAGS = "-ObjC";
				SDKROOT = iphoneos;
				VALIDATE_PRODUCT = YES;
			};
			name = AppStore;
		};
		3A84837716D5E7AB00927A33 /* UnitTest */ = {
			isa = XCBuildConfiguration;
			buildSettings = {
				ALWAYS_SEARCH_USER_PATHS = NO;
				CLANG_ENABLE_MODULES = YES;
				CLANG_ENABLE_OBJC_ARC = YES;
				CLANG_WARN_BOOL_CONVERSION = YES;
				CLANG_WARN_CONSTANT_CONVERSION = YES;
				CLANG_WARN_DIRECT_OBJC_ISA_USAGE = YES_ERROR;
				CLANG_WARN_EMPTY_BODY = YES;
				CLANG_WARN_ENUM_CONVERSION = YES;
				CLANG_WARN_INT_CONVERSION = YES;
				CLANG_WARN_OBJC_ROOT_CLASS = YES_ERROR;
				CLANG_WARN_UNREACHABLE_CODE = YES;
				CLANG_WARN__DUPLICATE_METHOD_MATCH = YES;
				COPY_PHASE_STRIP = NO;
				ENABLE_STRICT_OBJC_MSGSEND = YES;
				GCC_C_LANGUAGE_STANDARD = gnu99;
				GCC_DYNAMIC_NO_PIC = NO;
				GCC_OPTIMIZATION_LEVEL = 0;
				GCC_PREPROCESSOR_DEFINITIONS = (
					DCA_DEBUG,
					"DEBUG=1",
					"$(inherited)",
				);
				GCC_SYMBOLS_PRIVATE_EXTERN = NO;
				GCC_VERSION = com.apple.compilers.llvm.clang.1_0;
				GCC_WARN_64_TO_32_BIT_CONVERSION = YES;
				GCC_WARN_ABOUT_MISSING_PROTOTYPES = YES;
				GCC_WARN_ABOUT_RETURN_TYPE = YES_ERROR;
				GCC_WARN_UNDECLARED_SELECTOR = YES;
				GCC_WARN_UNINITIALIZED_AUTOS = YES;
				GCC_WARN_UNUSED_FUNCTION = YES;
				GCC_WARN_UNUSED_VARIABLE = YES;
				HEADER_SEARCH_PATHS = (
					"$(BUILD_ROOT)/../IntermediateBuildFilesPath/UninstalledProducts/include",
					"$(inherited)",
				);
				IPHONEOS_DEPLOYMENT_TARGET = 7.0;
				OTHER_LDFLAGS = "-ObjC";
				SDKROOT = iphoneos;
			};
			name = UnitTest;
		};
		3A84838D16D60CF300927A33 /* Daily Build */ = {
			isa = XCBuildConfiguration;
			buildSettings = {
				ALWAYS_SEARCH_USER_PATHS = NO;
				CLANG_ENABLE_MODULES = YES;
				CLANG_ENABLE_OBJC_ARC = YES;
				CLANG_WARN_BOOL_CONVERSION = YES;
				CLANG_WARN_CONSTANT_CONVERSION = YES;
				CLANG_WARN_DIRECT_OBJC_ISA_USAGE = YES_ERROR;
				CLANG_WARN_EMPTY_BODY = YES;
				CLANG_WARN_ENUM_CONVERSION = YES;
				CLANG_WARN_INT_CONVERSION = YES;
				CLANG_WARN_OBJC_ROOT_CLASS = YES_ERROR;
				CLANG_WARN_UNREACHABLE_CODE = YES;
				CLANG_WARN__DUPLICATE_METHOD_MATCH = YES;
				COPY_PHASE_STRIP = YES;
				ENABLE_STRICT_OBJC_MSGSEND = YES;
				GCC_C_LANGUAGE_STANDARD = gnu99;
				GCC_PREPROCESSOR_DEFINITIONS = DCA_RELEASE;
				GCC_VERSION = com.apple.compilers.llvm.clang.1_0;
				GCC_WARN_64_TO_32_BIT_CONVERSION = YES;
				GCC_WARN_ABOUT_MISSING_PROTOTYPES = YES;
				GCC_WARN_ABOUT_RETURN_TYPE = YES_ERROR;
				GCC_WARN_UNDECLARED_SELECTOR = YES;
				GCC_WARN_UNINITIALIZED_AUTOS = YES;
				GCC_WARN_UNUSED_FUNCTION = YES;
				GCC_WARN_UNUSED_VARIABLE = YES;
				HEADER_SEARCH_PATHS = (
					"$(BUILD_ROOT)/../IntermediateBuildFilesPath/UninstalledProducts/include",
					"$(inherited)",
				);
				IPHONEOS_DEPLOYMENT_TARGET = 7.0;
				OTHER_LDFLAGS = "-ObjC";
				SDKROOT = iphoneos;
				VALIDATE_PRODUCT = YES;
			};
			name = "Daily Build";
		};
		3AFE4BA7199171680067E69F /* Debug */ = {
			isa = XCBuildConfiguration;
			buildSettings = {
				CLANG_CXX_LANGUAGE_STANDARD = "gnu++0x";
				CLANG_CXX_LIBRARY = "libc++";
				CLANG_ENABLE_MODULES = YES;
				"CODE_SIGN_IDENTITY[sdk=iphoneos*]" = "iPhone Developer";
				CURRENT_PROJECT_VERSION = 1;
				DEFINES_MODULE = YES;
				DYLIB_COMPATIBILITY_VERSION = 1;
				DYLIB_CURRENT_VERSION = 1;
				DYLIB_INSTALL_NAME_BASE = "@rpath";
				GCC_PREPROCESSOR_DEFINITIONS = (
					"DEBUG=1",
					"$(inherited)",
				);
				GCC_WARN_UNINITIALIZED_AUTOS = YES_AGGRESSIVE;
				INFOPLIST_FILE = DCAKit/Info.plist;
				INSTALL_PATH = "$(LOCAL_LIBRARY_DIR)/Frameworks";
				IPHONEOS_DEPLOYMENT_TARGET = 8.0;
				LD_RUNPATH_SEARCH_PATHS = "$(inherited) @executable_path/Frameworks @loader_path/Frameworks";
				MTL_ENABLE_DEBUG_INFO = YES;
				PRODUCT_NAME = "$(TARGET_NAME)";
				SKIP_INSTALL = YES;
				SWIFT_OPTIMIZATION_LEVEL = "-Onone";
				TARGETED_DEVICE_FAMILY = "1,2";
				VERSIONING_SYSTEM = "apple-generic";
				VERSION_INFO_PREFIX = "";
			};
			name = Debug;
		};
		3AFE4BA8199171680067E69F /* Debug-Production-Backend */ = {
			isa = XCBuildConfiguration;
			buildSettings = {
				CLANG_CXX_LANGUAGE_STANDARD = "gnu++0x";
				CLANG_CXX_LIBRARY = "libc++";
				CLANG_ENABLE_MODULES = YES;
				"CODE_SIGN_IDENTITY[sdk=iphoneos*]" = "iPhone Developer";
				CURRENT_PROJECT_VERSION = 1;
				DEFINES_MODULE = YES;
				DYLIB_COMPATIBILITY_VERSION = 1;
				DYLIB_CURRENT_VERSION = 1;
				DYLIB_INSTALL_NAME_BASE = "@rpath";
				GCC_PREPROCESSOR_DEFINITIONS = (
					"DEBUG=1",
					"$(inherited)",
				);
				GCC_WARN_UNINITIALIZED_AUTOS = YES_AGGRESSIVE;
				INFOPLIST_FILE = DCAKit/Info.plist;
				INSTALL_PATH = "$(LOCAL_LIBRARY_DIR)/Frameworks";
				IPHONEOS_DEPLOYMENT_TARGET = 8.0;
				LD_RUNPATH_SEARCH_PATHS = "$(inherited) @executable_path/Frameworks @loader_path/Frameworks";
				MTL_ENABLE_DEBUG_INFO = YES;
				PRODUCT_NAME = "$(TARGET_NAME)";
				SKIP_INSTALL = YES;
				SWIFT_OPTIMIZATION_LEVEL = "-Onone";
				TARGETED_DEVICE_FAMILY = "1,2";
				VERSIONING_SYSTEM = "apple-generic";
				VERSION_INFO_PREFIX = "";
			};
			name = "Debug-Production-Backend";
		};
		3AFE4BA9199171680067E69F /* UnitTest */ = {
			isa = XCBuildConfiguration;
			buildSettings = {
				CLANG_CXX_LANGUAGE_STANDARD = "gnu++0x";
				CLANG_CXX_LIBRARY = "libc++";
				CLANG_ENABLE_MODULES = YES;
				"CODE_SIGN_IDENTITY[sdk=iphoneos*]" = "iPhone Developer";
				CURRENT_PROJECT_VERSION = 1;
				DEFINES_MODULE = YES;
				DYLIB_COMPATIBILITY_VERSION = 1;
				DYLIB_CURRENT_VERSION = 1;
				DYLIB_INSTALL_NAME_BASE = "@rpath";
				ENABLE_NS_ASSERTIONS = NO;
				GCC_WARN_UNINITIALIZED_AUTOS = YES_AGGRESSIVE;
				INFOPLIST_FILE = DCAKit/Info.plist;
				INSTALL_PATH = "$(LOCAL_LIBRARY_DIR)/Frameworks";
				IPHONEOS_DEPLOYMENT_TARGET = 8.0;
				LD_RUNPATH_SEARCH_PATHS = "$(inherited) @executable_path/Frameworks @loader_path/Frameworks";
				MTL_ENABLE_DEBUG_INFO = NO;
				PRODUCT_NAME = "$(TARGET_NAME)";
				SKIP_INSTALL = YES;
				SWIFT_OPTIMIZATION_LEVEL = "-Onone";
				TARGETED_DEVICE_FAMILY = "1,2";
				VERSIONING_SYSTEM = "apple-generic";
				VERSION_INFO_PREFIX = "";
			};
			name = UnitTest;
		};
		3AFE4BAA199171680067E69F /* Release */ = {
			isa = XCBuildConfiguration;
			buildSettings = {
				CLANG_CXX_LANGUAGE_STANDARD = "gnu++0x";
				CLANG_CXX_LIBRARY = "libc++";
				CLANG_ENABLE_MODULES = YES;
				"CODE_SIGN_IDENTITY[sdk=iphoneos*]" = "iPhone Developer";
				CURRENT_PROJECT_VERSION = 1;
				DEFINES_MODULE = YES;
				DYLIB_COMPATIBILITY_VERSION = 1;
				DYLIB_CURRENT_VERSION = 1;
				DYLIB_INSTALL_NAME_BASE = "@rpath";
				ENABLE_NS_ASSERTIONS = NO;
				GCC_WARN_UNINITIALIZED_AUTOS = YES_AGGRESSIVE;
				INFOPLIST_FILE = DCAKit/Info.plist;
				INSTALL_PATH = "$(LOCAL_LIBRARY_DIR)/Frameworks";
				IPHONEOS_DEPLOYMENT_TARGET = 8.0;
				LD_RUNPATH_SEARCH_PATHS = "$(inherited) @executable_path/Frameworks @loader_path/Frameworks";
				MTL_ENABLE_DEBUG_INFO = NO;
				PRODUCT_NAME = "$(TARGET_NAME)";
				SKIP_INSTALL = YES;
				TARGETED_DEVICE_FAMILY = "1,2";
				VERSIONING_SYSTEM = "apple-generic";
				VERSION_INFO_PREFIX = "";
			};
			name = Release;
		};
		3AFE4BAB199171680067E69F /* AppStore */ = {
			isa = XCBuildConfiguration;
			buildSettings = {
				CLANG_CXX_LANGUAGE_STANDARD = "gnu++0x";
				CLANG_CXX_LIBRARY = "libc++";
				CLANG_ENABLE_MODULES = YES;
				"CODE_SIGN_IDENTITY[sdk=iphoneos*]" = "iPhone Developer";
				CURRENT_PROJECT_VERSION = 1;
				DEFINES_MODULE = YES;
				DYLIB_COMPATIBILITY_VERSION = 1;
				DYLIB_CURRENT_VERSION = 1;
				DYLIB_INSTALL_NAME_BASE = "@rpath";
				ENABLE_NS_ASSERTIONS = NO;
				GCC_WARN_UNINITIALIZED_AUTOS = YES_AGGRESSIVE;
				INFOPLIST_FILE = DCAKit/Info.plist;
				INSTALL_PATH = "$(LOCAL_LIBRARY_DIR)/Frameworks";
				IPHONEOS_DEPLOYMENT_TARGET = 8.0;
				LD_RUNPATH_SEARCH_PATHS = "$(inherited) @executable_path/Frameworks @loader_path/Frameworks";
				MTL_ENABLE_DEBUG_INFO = NO;
				PRODUCT_NAME = "$(TARGET_NAME)";
				SKIP_INSTALL = YES;
				TARGETED_DEVICE_FAMILY = "1,2";
				VERSIONING_SYSTEM = "apple-generic";
				VERSION_INFO_PREFIX = "";
			};
			name = AppStore;
		};
		3AFE4BAC199171680067E69F /* Release-Live-Beta */ = {
			isa = XCBuildConfiguration;
			buildSettings = {
				CLANG_CXX_LANGUAGE_STANDARD = "gnu++0x";
				CLANG_CXX_LIBRARY = "libc++";
				CLANG_ENABLE_MODULES = YES;
				"CODE_SIGN_IDENTITY[sdk=iphoneos*]" = "iPhone Developer";
				CURRENT_PROJECT_VERSION = 1;
				DEFINES_MODULE = YES;
				DYLIB_COMPATIBILITY_VERSION = 1;
				DYLIB_CURRENT_VERSION = 1;
				DYLIB_INSTALL_NAME_BASE = "@rpath";
				ENABLE_NS_ASSERTIONS = NO;
				GCC_WARN_UNINITIALIZED_AUTOS = YES_AGGRESSIVE;
				INFOPLIST_FILE = DCAKit/Info.plist;
				INSTALL_PATH = "$(LOCAL_LIBRARY_DIR)/Frameworks";
				IPHONEOS_DEPLOYMENT_TARGET = 8.0;
				LD_RUNPATH_SEARCH_PATHS = "$(inherited) @executable_path/Frameworks @loader_path/Frameworks";
				MTL_ENABLE_DEBUG_INFO = NO;
				PRODUCT_NAME = "$(TARGET_NAME)";
				SKIP_INSTALL = YES;
				TARGETED_DEVICE_FAMILY = "1,2";
				VERSIONING_SYSTEM = "apple-generic";
				VERSION_INFO_PREFIX = "";
			};
			name = "Release-Live-Beta";
		};
		3AFE4BAD199171680067E69F /* Daily Build */ = {
			isa = XCBuildConfiguration;
			buildSettings = {
				CLANG_CXX_LANGUAGE_STANDARD = "gnu++0x";
				CLANG_CXX_LIBRARY = "libc++";
				CLANG_ENABLE_MODULES = YES;
				"CODE_SIGN_IDENTITY[sdk=iphoneos*]" = "iPhone Developer";
				CURRENT_PROJECT_VERSION = 1;
				DEFINES_MODULE = YES;
				DYLIB_COMPATIBILITY_VERSION = 1;
				DYLIB_CURRENT_VERSION = 1;
				DYLIB_INSTALL_NAME_BASE = "@rpath";
				ENABLE_NS_ASSERTIONS = NO;
				GCC_WARN_UNINITIALIZED_AUTOS = YES_AGGRESSIVE;
				INFOPLIST_FILE = DCAKit/Info.plist;
				INSTALL_PATH = "$(LOCAL_LIBRARY_DIR)/Frameworks";
				IPHONEOS_DEPLOYMENT_TARGET = 8.0;
				LD_RUNPATH_SEARCH_PATHS = "$(inherited) @executable_path/Frameworks @loader_path/Frameworks";
				MTL_ENABLE_DEBUG_INFO = NO;
				PRODUCT_NAME = "$(TARGET_NAME)";
				SKIP_INSTALL = YES;
				TARGETED_DEVICE_FAMILY = "1,2";
				VERSIONING_SYSTEM = "apple-generic";
				VERSION_INFO_PREFIX = "";
			};
			name = "Daily Build";
		};
		3AFE4BAF199171680067E69F /* Debug */ = {
			isa = XCBuildConfiguration;
			buildSettings = {
				CLANG_CXX_LANGUAGE_STANDARD = "gnu++0x";
				CLANG_CXX_LIBRARY = "libc++";
				CODE_SIGN_IDENTITY = "iPhone Developer";
				FRAMEWORK_SEARCH_PATHS = (
					"$(SDKROOT)/Developer/Library/Frameworks",
					"$(inherited)",
				);
				GCC_PREPROCESSOR_DEFINITIONS = (
					"DEBUG=1",
					"$(inherited)",
				);
				GCC_WARN_UNINITIALIZED_AUTOS = YES_AGGRESSIVE;
				INFOPLIST_FILE = DCAKitTests/Info.plist;
				IPHONEOS_DEPLOYMENT_TARGET = 8.0;
				LD_RUNPATH_SEARCH_PATHS = "$(inherited) @executable_path/Frameworks @loader_path/Frameworks";
				MTL_ENABLE_DEBUG_INFO = YES;
				PRODUCT_NAME = "$(TARGET_NAME)";
			};
			name = Debug;
		};
		3AFE4BB0199171680067E69F /* Debug-Production-Backend */ = {
			isa = XCBuildConfiguration;
			buildSettings = {
				CLANG_CXX_LANGUAGE_STANDARD = "gnu++0x";
				CLANG_CXX_LIBRARY = "libc++";
				CODE_SIGN_IDENTITY = "iPhone Developer";
				FRAMEWORK_SEARCH_PATHS = (
					"$(SDKROOT)/Developer/Library/Frameworks",
					"$(inherited)",
				);
				GCC_PREPROCESSOR_DEFINITIONS = (
					"DEBUG=1",
					"$(inherited)",
				);
				GCC_WARN_UNINITIALIZED_AUTOS = YES_AGGRESSIVE;
				INFOPLIST_FILE = DCAKitTests/Info.plist;
				IPHONEOS_DEPLOYMENT_TARGET = 8.0;
				LD_RUNPATH_SEARCH_PATHS = "$(inherited) @executable_path/Frameworks @loader_path/Frameworks";
				MTL_ENABLE_DEBUG_INFO = YES;
				PRODUCT_NAME = "$(TARGET_NAME)";
			};
			name = "Debug-Production-Backend";
		};
		3AFE4BB1199171680067E69F /* UnitTest */ = {
			isa = XCBuildConfiguration;
			buildSettings = {
				CLANG_CXX_LANGUAGE_STANDARD = "gnu++0x";
				CLANG_CXX_LIBRARY = "libc++";
				CODE_SIGN_IDENTITY = "iPhone Developer";
				ENABLE_NS_ASSERTIONS = NO;
				FRAMEWORK_SEARCH_PATHS = (
					"$(SDKROOT)/Developer/Library/Frameworks",
					"$(inherited)",
				);
				GCC_WARN_UNINITIALIZED_AUTOS = YES_AGGRESSIVE;
				INFOPLIST_FILE = DCAKitTests/Info.plist;
				IPHONEOS_DEPLOYMENT_TARGET = 8.0;
				LD_RUNPATH_SEARCH_PATHS = "$(inherited) @executable_path/Frameworks @loader_path/Frameworks";
				MTL_ENABLE_DEBUG_INFO = NO;
				PRODUCT_NAME = "$(TARGET_NAME)";
			};
			name = UnitTest;
		};
		3AFE4BB2199171680067E69F /* Release */ = {
			isa = XCBuildConfiguration;
			buildSettings = {
				CLANG_CXX_LANGUAGE_STANDARD = "gnu++0x";
				CLANG_CXX_LIBRARY = "libc++";
				CODE_SIGN_IDENTITY = "iPhone Developer";
				ENABLE_NS_ASSERTIONS = NO;
				FRAMEWORK_SEARCH_PATHS = (
					"$(SDKROOT)/Developer/Library/Frameworks",
					"$(inherited)",
				);
				GCC_WARN_UNINITIALIZED_AUTOS = YES_AGGRESSIVE;
				INFOPLIST_FILE = DCAKitTests/Info.plist;
				IPHONEOS_DEPLOYMENT_TARGET = 8.0;
				LD_RUNPATH_SEARCH_PATHS = "$(inherited) @executable_path/Frameworks @loader_path/Frameworks";
				MTL_ENABLE_DEBUG_INFO = NO;
				PRODUCT_NAME = "$(TARGET_NAME)";
			};
			name = Release;
		};
		3AFE4BB3199171680067E69F /* AppStore */ = {
			isa = XCBuildConfiguration;
			buildSettings = {
				CLANG_CXX_LANGUAGE_STANDARD = "gnu++0x";
				CLANG_CXX_LIBRARY = "libc++";
				CODE_SIGN_IDENTITY = "iPhone Developer";
				ENABLE_NS_ASSERTIONS = NO;
				FRAMEWORK_SEARCH_PATHS = (
					"$(SDKROOT)/Developer/Library/Frameworks",
					"$(inherited)",
				);
				GCC_WARN_UNINITIALIZED_AUTOS = YES_AGGRESSIVE;
				INFOPLIST_FILE = DCAKitTests/Info.plist;
				IPHONEOS_DEPLOYMENT_TARGET = 8.0;
				LD_RUNPATH_SEARCH_PATHS = "$(inherited) @executable_path/Frameworks @loader_path/Frameworks";
				MTL_ENABLE_DEBUG_INFO = NO;
				PRODUCT_NAME = "$(TARGET_NAME)";
			};
			name = AppStore;
		};
		3AFE4BB4199171680067E69F /* Release-Live-Beta */ = {
			isa = XCBuildConfiguration;
			buildSettings = {
				CLANG_CXX_LANGUAGE_STANDARD = "gnu++0x";
				CLANG_CXX_LIBRARY = "libc++";
				CODE_SIGN_IDENTITY = "iPhone Developer";
				ENABLE_NS_ASSERTIONS = NO;
				FRAMEWORK_SEARCH_PATHS = (
					"$(SDKROOT)/Developer/Library/Frameworks",
					"$(inherited)",
				);
				GCC_WARN_UNINITIALIZED_AUTOS = YES_AGGRESSIVE;
				INFOPLIST_FILE = DCAKitTests/Info.plist;
				IPHONEOS_DEPLOYMENT_TARGET = 8.0;
				LD_RUNPATH_SEARCH_PATHS = "$(inherited) @executable_path/Frameworks @loader_path/Frameworks";
				MTL_ENABLE_DEBUG_INFO = NO;
				PRODUCT_NAME = "$(TARGET_NAME)";
			};
			name = "Release-Live-Beta";
		};
		3AFE4BB5199171680067E69F /* Daily Build */ = {
			isa = XCBuildConfiguration;
			buildSettings = {
				CLANG_CXX_LANGUAGE_STANDARD = "gnu++0x";
				CLANG_CXX_LIBRARY = "libc++";
				CODE_SIGN_IDENTITY = "iPhone Developer";
				ENABLE_NS_ASSERTIONS = NO;
				FRAMEWORK_SEARCH_PATHS = (
					"$(SDKROOT)/Developer/Library/Frameworks",
					"$(inherited)",
				);
				GCC_WARN_UNINITIALIZED_AUTOS = YES_AGGRESSIVE;
				INFOPLIST_FILE = DCAKitTests/Info.plist;
				IPHONEOS_DEPLOYMENT_TARGET = 8.0;
				LD_RUNPATH_SEARCH_PATHS = "$(inherited) @executable_path/Frameworks @loader_path/Frameworks";
				MTL_ENABLE_DEBUG_INFO = NO;
				PRODUCT_NAME = "$(TARGET_NAME)";
			};
			name = "Daily Build";
		};
		BE4181E914B38C93000251A7 /* Debug */ = {
			isa = XCBuildConfiguration;
			buildSettings = {
				ALWAYS_SEARCH_USER_PATHS = NO;
				CLANG_ENABLE_MODULES = YES;
				CLANG_ENABLE_OBJC_ARC = YES;
				CLANG_WARN_BOOL_CONVERSION = YES;
				CLANG_WARN_CONSTANT_CONVERSION = YES;
				CLANG_WARN_DIRECT_OBJC_ISA_USAGE = YES_ERROR;
				CLANG_WARN_EMPTY_BODY = YES;
				CLANG_WARN_ENUM_CONVERSION = YES;
				CLANG_WARN_INT_CONVERSION = YES;
				CLANG_WARN_OBJC_ROOT_CLASS = YES_ERROR;
				CLANG_WARN_UNREACHABLE_CODE = YES;
				CLANG_WARN__DUPLICATE_METHOD_MATCH = YES;
				COPY_PHASE_STRIP = NO;
				ENABLE_STRICT_OBJC_MSGSEND = YES;
				GCC_C_LANGUAGE_STANDARD = gnu99;
				GCC_DYNAMIC_NO_PIC = NO;
				GCC_OPTIMIZATION_LEVEL = 0;
				GCC_PREPROCESSOR_DEFINITIONS = (
					DCA_DEBUG,
					"DEBUG=1",
					"$(inherited)",
				);
				GCC_SYMBOLS_PRIVATE_EXTERN = NO;
				GCC_VERSION = com.apple.compilers.llvm.clang.1_0;
				GCC_WARN_64_TO_32_BIT_CONVERSION = YES;
				GCC_WARN_ABOUT_MISSING_PROTOTYPES = YES;
				GCC_WARN_ABOUT_RETURN_TYPE = YES_ERROR;
				GCC_WARN_UNDECLARED_SELECTOR = YES;
				GCC_WARN_UNINITIALIZED_AUTOS = YES;
				GCC_WARN_UNUSED_FUNCTION = YES;
				GCC_WARN_UNUSED_VARIABLE = YES;
				HEADER_SEARCH_PATHS = (
					"$(BUILD_ROOT)/../IntermediateBuildFilesPath/UninstalledProducts/include",
					"$(inherited)",
				);
				IPHONEOS_DEPLOYMENT_TARGET = 7.0;
				ONLY_ACTIVE_ARCH = YES;
				OTHER_LDFLAGS = "-ObjC";
				SDKROOT = iphoneos;
			};
			name = Debug;
		};
		BE4181EA14B38C93000251A7 /* Release */ = {
			isa = XCBuildConfiguration;
			buildSettings = {
				ALWAYS_SEARCH_USER_PATHS = NO;
				CLANG_ENABLE_MODULES = YES;
				CLANG_ENABLE_OBJC_ARC = YES;
				CLANG_WARN_BOOL_CONVERSION = YES;
				CLANG_WARN_CONSTANT_CONVERSION = YES;
				CLANG_WARN_DIRECT_OBJC_ISA_USAGE = YES_ERROR;
				CLANG_WARN_EMPTY_BODY = YES;
				CLANG_WARN_ENUM_CONVERSION = YES;
				CLANG_WARN_INT_CONVERSION = YES;
				CLANG_WARN_OBJC_ROOT_CLASS = YES_ERROR;
				CLANG_WARN_UNREACHABLE_CODE = YES;
				CLANG_WARN__DUPLICATE_METHOD_MATCH = YES;
				COPY_PHASE_STRIP = YES;
				ENABLE_STRICT_OBJC_MSGSEND = YES;
				GCC_C_LANGUAGE_STANDARD = gnu99;
				GCC_PREPROCESSOR_DEFINITIONS = DCA_RELEASE;
				GCC_VERSION = com.apple.compilers.llvm.clang.1_0;
				GCC_WARN_64_TO_32_BIT_CONVERSION = YES;
				GCC_WARN_ABOUT_MISSING_PROTOTYPES = YES;
				GCC_WARN_ABOUT_RETURN_TYPE = YES_ERROR;
				GCC_WARN_UNDECLARED_SELECTOR = YES;
				GCC_WARN_UNINITIALIZED_AUTOS = YES;
				GCC_WARN_UNUSED_FUNCTION = YES;
				GCC_WARN_UNUSED_VARIABLE = YES;
				HEADER_SEARCH_PATHS = (
					"$(BUILD_ROOT)/../IntermediateBuildFilesPath/UninstalledProducts/include",
					"$(inherited)",
				);
				IPHONEOS_DEPLOYMENT_TARGET = 7.0;
				OTHER_LDFLAGS = "-ObjC";
				SDKROOT = iphoneos;
				VALIDATE_PRODUCT = YES;
			};
			name = Release;
		};
/* End XCBuildConfiguration section */

/* Begin XCConfigurationList section */
		3AFE4BA6199171680067E69F /* Build configuration list for PBXNativeTarget "DCAKit" */ = {
			isa = XCConfigurationList;
			buildConfigurations = (
				3AFE4BA7199171680067E69F /* Debug */,
				3AFE4BA8199171680067E69F /* Debug-Production-Backend */,
				3AFE4BA9199171680067E69F /* UnitTest */,
				3AFE4BAA199171680067E69F /* Release */,
				3AFE4BAB199171680067E69F /* AppStore */,
				3AFE4BAC199171680067E69F /* Release-Live-Beta */,
				3AFE4BAD199171680067E69F /* Daily Build */,
			);
			defaultConfigurationIsVisible = 0;
			defaultConfigurationName = Release;
		};
		3AFE4BAE199171680067E69F /* Build configuration list for PBXNativeTarget "DCAKitTests" */ = {
			isa = XCConfigurationList;
			buildConfigurations = (
				3AFE4BAF199171680067E69F /* Debug */,
				3AFE4BB0199171680067E69F /* Debug-Production-Backend */,
				3AFE4BB1199171680067E69F /* UnitTest */,
				3AFE4BB2199171680067E69F /* Release */,
				3AFE4BB3199171680067E69F /* AppStore */,
				3AFE4BB4199171680067E69F /* Release-Live-Beta */,
				3AFE4BB5199171680067E69F /* Daily Build */,
			);
			defaultConfigurationIsVisible = 0;
			defaultConfigurationName = Release;
		};
		BE4181BE14B38C92000251A7 /* Build configuration list for PBXProject "DCAKit" */ = {
			isa = XCConfigurationList;
			buildConfigurations = (
				BE4181E914B38C93000251A7 /* Debug */,
				3A38C56E17FFFC3200B93764 /* Debug-Production-Backend */,
				3A84837716D5E7AB00927A33 /* UnitTest */,
				BE4181EA14B38C93000251A7 /* Release */,
				3A6C1109183CD7B7004702AC /* AppStore */,
				3A38C6AD1800CC2300B93764 /* Release-Live-Beta */,
				3A84838D16D60CF300927A33 /* Daily Build */,
			);
			defaultConfigurationIsVisible = 0;
			defaultConfigurationName = Release;
		};
/* End XCConfigurationList section */
	};
	rootObject = BE4181BB14B38C92000251A7 /* Project object */;
}
